Microsoft Visual Studio Solution File, Format Version 12.00
# Visual Studio Version 16
VisualStudioVersion = 16.0.28315.86
MinimumVisualStudioVersion = 10.0.40219.1
Project("{2150E333-8FDC-42A3-9474-1A3956D46DE8}") = "GLFW3", "GLFW3", "{D028BBFC-39CC-3A0C-8659-CFF569134DA6}"
EndProject
Project("{2150E333-8FDC-42A3-9474-1A3956D46DE8}") = "Examples", "Examples", "{AA681545-59BA-3DFA-BCE5-A6CABD356D8E}"
EndProject
Project("{2150E333-8FDC-42A3-9474-1A3956D46DE8}") = "Tests", "Tests", "{F0843EC0-A02F-3AE0-B59C-C1916EE6CBDB}"
EndProject
Project("{8BC9CEB8-8B4A-11D0-8D11-00A0C91BC942}") = "boing", "examples\boing.vcxproj", "{64C1B6F0-1BC2-3FF3-8666-40516599C635}"
	ProjectSection(ProjectDependencies) = postProject
		{94258512-D4F9-3E3E-A747-0600269FD585} = {94258512-D4F9-3E3E-A747-0600269FD585}
	EndProjectSection
EndProject
Project("{8BC9CEB8-8B4A-11D0-8D11-00A0C91BC942}") = "clipboard", "tests\clipboard.vcxproj", "{9399DD9C-B163-3F2C-B4F8-CF7075D91425}"
	ProjectSection(ProjectDependencies) = postProject
		{94258512-D4F9-3E3E-A747-0600269FD585} = {94258512-D4F9-3E3E-A747-0600269FD585}
	EndProjectSection
EndProject
Project("{8BC9CEB8-8B4A-11D0-8D11-00A0C91BC942}") = "cursor", "tests\cursor.vcxproj", "{94E8CF10-562B-3BCD-883A-BC0868598382}"
	ProjectSection(ProjectDependencies) = postProject
		{94258512-D4F9-3E3E-A747-0600269FD585} = {94258512-D4F9-3E3E-A747-0600269FD585}
	EndProjectSection
EndProject
Project("{8BC9CEB8-8B4A-11D0-8D11-00A0C91BC942}") = "empty", "tests\empty.vcxproj", "{3F42E894-820C-34D4-A62A-AD727D0B1B65}"
	ProjectSection(ProjectDependencies) = postProject
		{94258512-D4F9-3E3E-A747-0600269FD585} = {94258512-D4F9-3E3E-A747-0600269FD585}
	EndProjectSection
EndProject
Project("{8BC9CEB8-8B4A-11D0-8D11-00A0C91BC942}") = "events", "tests\events.vcxproj", "{AFAF401C-CD6A-3D16-ABE5-B4290AC5E519}"
	ProjectSection(ProjectDependencies) = postProject
		{94258512-D4F9-3E3E-A747-0600269FD585} = {94258512-D4F9-3E3E-A747-0600269FD585}
	EndProjectSection
EndProject
Project("{8BC9CEB8-8B4A-11D0-8D11-00A0C91BC942}") = "gamma", "tests\gamma.vcxproj", "{40E471F5-81D4-3BF1-BA8F-EA54060D9B5A}"
	ProjectSection(ProjectDependencies) = postProject
		{94258512-D4F9-3E3E-A747-0600269FD585} = {94258512-D4F9-3E3E-A747-0600269FD585}
	EndProjectSection
EndProject
Project("{8BC9CEB8-8B4A-11D0-8D11-00A0C91BC942}") = "gears", "examples\gears.vcxproj", "{2D847D38-B29D-3292-9276-73A77FE3A107}"
	ProjectSection(ProjectDependencies) = postProject
		{94258512-D4F9-3E3E-A747-0600269FD585} = {94258512-D4F9-3E3E-A747-0600269FD585}
	EndProjectSection
EndProject
Project("{8BC9CEB8-8B4A-11D0-8D11-00A0C91BC942}") = "glfw", "src\glfw.vcxproj", "{94258512-D4F9-3E3E-A747-0600269FD585}"
EndProject
Project("{8BC9CEB8-8B4A-11D0-8D11-00A0C91BC942}") = "glfwinfo", "tests\glfwinfo.vcxproj", "{15759682-7724-3D51-A318-1050BDA39959}"
	ProjectSection(ProjectDependencies) = postProject
		{94258512-D4F9-3E3E-A747-0600269FD585} = {94258512-D4F9-3E3E-A747-0600269FD585}
	EndProjectSection
EndProject
Project("{8BC9CEB8-8B4A-11D0-8D11-00A0C91BC942}") = "heightmap", "examples\heightmap.vcxproj", "{D7DFC9E9-5549-364F-9C49-CA5BFFA060EC}"
	ProjectSection(ProjectDependencies) = postProject
		{94258512-D4F9-3E3E-A747-0600269FD585} = {94258512-D4F9-3E3E-A747-0600269FD585}
	EndProjectSection
EndProject
Project("{8BC9CEB8-8B4A-11D0-8D11-00A0C91BC942}") = "icon", "tests\icon.vcxproj", "{3E766BCF-1867-38D9-8B07-64E06F1D08E7}"
	ProjectSection(ProjectDependencies) = postProject
		{94258512-D4F9-3E3E-A747-0600269FD585} = {94258512-D4F9-3E3E-A747-0600269FD585}
	EndProjectSection
EndProject
Project("{8BC9CEB8-8B4A-11D0-8D11-00A0C91BC942}") = "iconify", "tests\iconify.vcxproj", "{9109E937-4843-351A-BF94-CB39E02D0496}"
	ProjectSection(ProjectDependencies) = postProject
		{94258512-D4F9-3E3E-A747-0600269FD585} = {94258512-D4F9-3E3E-A747-0600269FD585}
	EndProjectSection
EndProject
Project("{8BC9CEB8-8B4A-11D0-8D11-00A0C91BC942}") = "inputlag", "tests\inputlag.vcxproj", "{782C7638-66BE-3D2A-8887-1A059CE4763B}"
	ProjectSection(ProjectDependencies) = postProject
		{94258512-D4F9-3E3E-A747-0600269FD585} = {94258512-D4F9-3E3E-A747-0600269FD585}
	EndProjectSection
EndProject
Project("{8BC9CEB8-8B4A-11D0-8D11-00A0C91BC942}") = "joysticks", "tests\joysticks.vcxproj", "{482CB58C-8E04-3190-8D08-03D36AA8F0F7}"
	ProjectSection(ProjectDependencies) = postProject
		{94258512-D4F9-3E3E-A747-0600269FD585} = {94258512-D4F9-3E3E-A747-0600269FD585}
	EndProjectSection
EndProject
Project("{8BC9CEB8-8B4A-11D0-8D11-00A0C91BC942}") = "monitors", "tests\monitors.vcxproj", "{B5AAAA1C-6A17-31AD-B224-0BA8DE13AE40}"
	ProjectSection(ProjectDependencies) = postProject
		{94258512-D4F9-3E3E-A747-0600269FD585} = {94258512-D4F9-3E3E-A747-0600269FD585}
	EndProjectSection
EndProject
Project("{8BC9CEB8-8B4A-11D0-8D11-00A0C91BC942}") = "msaa", "tests\msaa.vcxproj", "{B09B10F9-1880-3630-BEC4-80B5E7C2F740}"
	ProjectSection(ProjectDependencies) = postProject
		{94258512-D4F9-3E3E-A747-0600269FD585} = {94258512-D4F9-3E3E-A747-0600269FD585}
	EndProjectSection
EndProject
Project("{8BC9CEB8-8B4A-11D0-8D11-00A0C91BC942}") = "offscreen", "examples\offscreen.vcxproj", "{6ED5B8F3-AFC7-37A8-9F57-FCF828D8D89B}"
	ProjectSection(ProjectDependencies) = postProject
		{94258512-D4F9-3E3E-A747-0600269FD585} = {94258512-D4F9-3E3E-A747-0600269FD585}
	EndProjectSection
EndProject
Project("{8BC9CEB8-8B4A-11D0-8D11-00A0C91BC942}") = "opacity", "tests\opacity.vcxproj", "{4DA2C0AB-D56D-32D7-93DB-79311417AD40}"
	ProjectSection(ProjectDependencies) = postProject
		{94258512-D4F9-3E3E-A747-0600269FD585} = {94258512-D4F9-3E3E-A747-0600269FD585}
	EndProjectSection
EndProject
Project("{8BC9CEB8-8B4A-11D0-8D11-00A0C91BC942}") = "particles", "examples\particles.vcxproj", "{7765E4A0-3F77-33DC-9BFF-70634573A5C2}"
	ProjectSection(ProjectDependencies) = postProject
		{94258512-D4F9-3E3E-A747-0600269FD585} = {94258512-D4F9-3E3E-A747-0600269FD585}
	EndProjectSection
EndProject
Project("{8BC9CEB8-8B4A-11D0-8D11-00A0C91BC942}") = "reopen", "tests\reopen.vcxproj", "{21696FC5-67DD-3F28-B894-159FD9C613CB}"
	ProjectSection(ProjectDependencies) = postProject
		{94258512-D4F9-3E3E-A747-0600269FD585} = {94258512-D4F9-3E3E-A747-0600269FD585}
	EndProjectSection
EndProject
Project("{8BC9CEB8-8B4A-11D0-8D11-00A0C91BC942}") = "sharing", "examples\sharing.vcxproj", "{3115CD95-983D-3D96-83FA-6DB7FF0B3211}"
	ProjectSection(ProjectDependencies) = postProject
		{94258512-D4F9-3E3E-A747-0600269FD585} = {94258512-D4F9-3E3E-A747-0600269FD585}
	EndProjectSection
EndProject
Project("{8BC9CEB8-8B4A-11D0-8D11-00A0C91BC942}") = "splitview", "examples\splitview.vcxproj", "{26CF04A1-BEE3-3FEB-B500-566509AEBB39}"
	ProjectSection(ProjectDependencies) = postProject
		{94258512-D4F9-3E3E-A747-0600269FD585} = {94258512-D4F9-3E3E-A747-0600269FD585}
	EndProjectSection
EndProject
Project("{8BC9CEB8-8B4A-11D0-8D11-00A0C91BC942}") = "tearing", "tests\tearing.vcxproj", "{B0858102-84BD-309A-B5CB-A7B455B478CF}"
	ProjectSection(ProjectDependencies) = postProject
		{94258512-D4F9-3E3E-A747-0600269FD585} = {94258512-D4F9-3E3E-A747-0600269FD585}
	EndProjectSection
EndProject
Project("{8BC9CEB8-8B4A-11D0-8D11-00A0C91BC942}") = "threads", "tests\threads.vcxproj", "{23D9D263-B406-363A-B2D7-16155582B466}"
	ProjectSection(ProjectDependencies) = postProject
		{94258512-D4F9-3E3E-A747-0600269FD585} = {94258512-D4F9-3E3E-A747-0600269FD585}
	EndProjectSection
EndProject
Project("{8BC9CEB8-8B4A-11D0-8D11-00A0C91BC942}") = "timeout", "tests\timeout.vcxproj", "{705BE3D1-1BB2-3E2D-8EEF-FDEFEE85E9C1}"
	ProjectSection(ProjectDependencies) = postProject
		{94258512-D4F9-3E3E-A747-0600269FD585} = {94258512-D4F9-3E3E-A747-0600269FD585}
	EndProjectSection
EndProject
Project("{8BC9CEB8-8B4A-11D0-8D11-00A0C91BC942}") = "title", "tests\title.vcxproj", "{39A41D6F-3F71-3A39-BDD9-327711A7BAAA}"
	ProjectSection(ProjectDependencies) = postProject
		{94258512-D4F9-3E3E-A747-0600269FD585} = {94258512-D4F9-3E3E-A747-0600269FD585}
	EndProjectSection
EndProject
Project("{8BC9CEB8-8B4A-11D0-8D11-00A0C91BC942}") = "triangle-opengl", "examples\triangle-opengl.vcxproj", "{E21E77E5-474C-3E88-A0A8-20AA5510E86E}"
	ProjectSection(ProjectDependencies) = postProject
		{94258512-D4F9-3E3E-A747-0600269FD585} = {94258512-D4F9-3E3E-A747-0600269FD585}
	EndProjectSection
EndProject
Project("{8BC9CEB8-8B4A-11D0-8D11-00A0C91BC942}") = "triangle-vulkan", "tests\triangle-vulkan.vcxproj", "{C7CD4113-53DA-33AA-B68C-7D34F93D9E4B}"
	ProjectSection(ProjectDependencies) = postProject
		{94258512-D4F9-3E3E-A747-0600269FD585} = {94258512-D4F9-3E3E-A747-0600269FD585}
	EndProjectSection
EndProject
Project("{8BC9CEB8-8B4A-11D0-8D11-00A0C91BC942}") = "wave", "examples\wave.vcxproj", "{75C4625B-B21F-3D52-829E-B7F44A4795A7}"
	ProjectSection(ProjectDependencies) = postProject
		{94258512-D4F9-3E3E-A747-0600269FD585} = {94258512-D4F9-3E3E-A747-0600269FD585}
	EndProjectSection
EndProject
Project("{8BC9CEB8-8B4A-11D0-8D11-00A0C91BC942}") = "windows", "tests\windows.vcxproj", "{E00D8055-52FE-33D4-96EC-FBEB6CE9DCB0}"
	ProjectSection(ProjectDependencies) = postProject
		{94258512-D4F9-3E3E-A747-0600269FD585} = {94258512-D4F9-3E3E-A747-0600269FD585}
	EndProjectSection
EndProject
Global
	GlobalSection(SolutionConfigurationPlatforms) = preSolution
		Debug|Win32 = Debug|Win32
		Debug|x64 = Debug|x64
		Release|Win32 = Release|Win32
		Release|x64 = Release|x64
		vs2017_Debug|Win32 = vs2017_Debug|Win32
		vs2017_Debug|x64 = vs2017_Debug|x64
		vs2017_Release|Win32 = vs2017_Release|Win32
		vs2017_Release|x64 = vs2017_Release|x64
		vs2019_Debug|Win32 = vs2019_Debug|Win32
		vs2019_Debug|x64 = vs2019_Debug|x64
		vs2019_Release|Win32 = vs2019_Release|Win32
		vs2019_Release|x64 = vs2019_Release|x64
	EndGlobalSection
	GlobalSection(ProjectConfigurationPlatforms) = postSolution
		{64C1B6F0-1BC2-3FF3-8666-40516599C635}.Debug|Win32.ActiveCfg = Debug|Win32
		{64C1B6F0-1BC2-3FF3-8666-40516599C635}.Debug|Win32.Build.0 = Debug|Win32
		{64C1B6F0-1BC2-3FF3-8666-40516599C635}.Debug|x64.ActiveCfg = Debug|x64
		{64C1B6F0-1BC2-3FF3-8666-40516599C635}.Debug|x64.Build.0 = Debug|x64
		{64C1B6F0-1BC2-3FF3-8666-40516599C635}.Release|Win32.ActiveCfg = Release|Win32
		{64C1B6F0-1BC2-3FF3-8666-40516599C635}.Release|Win32.Build.0 = Release|Win32
		{64C1B6F0-1BC2-3FF3-8666-40516599C635}.Release|x64.ActiveCfg = Release|x64
		{64C1B6F0-1BC2-3FF3-8666-40516599C635}.Release|x64.Build.0 = Release|x64
		{64C1B6F0-1BC2-3FF3-8666-40516599C635}.vs2017_Debug|Win32.ActiveCfg = vs2017_Debug|Win32
		{64C1B6F0-1BC2-3FF3-8666-40516599C635}.vs2017_Debug|Win32.Build.0 = vs2017_Debug|Win32
		{64C1B6F0-1BC2-3FF3-8666-40516599C635}.vs2017_Debug|x64.ActiveCfg = vs2017_Debug|x64
		{64C1B6F0-1BC2-3FF3-8666-40516599C635}.vs2017_Debug|x64.Build.0 = vs2017_Debug|x64
		{64C1B6F0-1BC2-3FF3-8666-40516599C635}.vs2017_Release|Win32.ActiveCfg = vs2017_Release|Win32
		{64C1B6F0-1BC2-3FF3-8666-40516599C635}.vs2017_Release|Win32.Build.0 = vs2017_Release|Win32
		{64C1B6F0-1BC2-3FF3-8666-40516599C635}.vs2017_Release|x64.ActiveCfg = vs2017_Release|x64
		{64C1B6F0-1BC2-3FF3-8666-40516599C635}.vs2017_Release|x64.Build.0 = vs2017_Release|x64
		{64C1B6F0-1BC2-3FF3-8666-40516599C635}.vs2019_Debug|Win32.ActiveCfg = vs2019_Debug|Win32
		{64C1B6F0-1BC2-3FF3-8666-40516599C635}.vs2019_Debug|Win32.Build.0 = vs2019_Debug|Win32
		{64C1B6F0-1BC2-3FF3-8666-40516599C635}.vs2019_Debug|x64.ActiveCfg = vs2019_Debug|x64
		{64C1B6F0-1BC2-3FF3-8666-40516599C635}.vs2019_Debug|x64.Build.0 = vs2019_Debug|x64
		{64C1B6F0-1BC2-3FF3-8666-40516599C635}.vs2019_Release|Win32.ActiveCfg = vs2019_Release|Win32
		{64C1B6F0-1BC2-3FF3-8666-40516599C635}.vs2019_Release|Win32.Build.0 = vs2019_Release|Win32
		{64C1B6F0-1BC2-3FF3-8666-40516599C635}.vs2019_Release|x64.ActiveCfg = vs2019_Release|x64
		{64C1B6F0-1BC2-3FF3-8666-40516599C635}.vs2019_Release|x64.Build.0 = vs2019_Release|x64
		{9399DD9C-B163-3F2C-B4F8-CF7075D91425}.Debug|Win32.ActiveCfg = Debug|Win32
		{9399DD9C-B163-3F2C-B4F8-CF7075D91425}.Debug|Win32.Build.0 = Debug|Win32
		{9399DD9C-B163-3F2C-B4F8-CF7075D91425}.Debug|x64.ActiveCfg = Debug|x64
		{9399DD9C-B163-3F2C-B4F8-CF7075D91425}.Debug|x64.Build.0 = Debug|x64
		{9399DD9C-B163-3F2C-B4F8-CF7075D91425}.Release|Win32.ActiveCfg = Release|Win32
		{9399DD9C-B163-3F2C-B4F8-CF7075D91425}.Release|Win32.Build.0 = Release|Win32
		{9399DD9C-B163-3F2C-B4F8-CF7075D91425}.Release|x64.ActiveCfg = Release|x64
		{9399DD9C-B163-3F2C-B4F8-CF7075D91425}.Release|x64.Build.0 = Release|x64
		{9399DD9C-B163-3F2C-B4F8-CF7075D91425}.vs2017_Debug|Win32.ActiveCfg = vs2017_Debug|Win32
		{9399DD9C-B163-3F2C-B4F8-CF7075D91425}.vs2017_Debug|Win32.Build.0 = vs2017_Debug|Win32
		{9399DD9C-B163-3F2C-B4F8-CF7075D91425}.vs2017_Debug|x64.ActiveCfg = vs2017_Debug|x64
		{9399DD9C-B163-3F2C-B4F8-CF7075D91425}.vs2017_Debug|x64.Build.0 = vs2017_Debug|x64
		{9399DD9C-B163-3F2C-B4F8-CF7075D91425}.vs2017_Release|Win32.ActiveCfg = vs2017_Release|Win32
		{9399DD9C-B163-3F2C-B4F8-CF7075D91425}.vs2017_Release|Win32.Build.0 = vs2017_Release|Win32
		{9399DD9C-B163-3F2C-B4F8-CF7075D91425}.vs2017_Release|x64.ActiveCfg = vs2017_Release|x64
		{9399DD9C-B163-3F2C-B4F8-CF7075D91425}.vs2017_Release|x64.Build.0 = vs2017_Release|x64
		{9399DD9C-B163-3F2C-B4F8-CF7075D91425}.vs2019_Debug|Win32.ActiveCfg = vs2019_Debug|Win32
		{9399DD9C-B163-3F2C-B4F8-CF7075D91425}.vs2019_Debug|Win32.Build.0 = vs2019_Debug|Win32
		{9399DD9C-B163-3F2C-B4F8-CF7075D91425}.vs2019_Debug|x64.ActiveCfg = vs2019_Debug|x64
		{9399DD9C-B163-3F2C-B4F8-CF7075D91425}.vs2019_Debug|x64.Build.0 = vs2019_Debug|x64
		{9399DD9C-B163-3F2C-B4F8-CF7075D91425}.vs2019_Release|Win32.ActiveCfg = vs2019_Release|Win32
		{9399DD9C-B163-3F2C-B4F8-CF7075D91425}.vs2019_Release|Win32.Build.0 = vs2019_Release|Win32
		{9399DD9C-B163-3F2C-B4F8-CF7075D91425}.vs2019_Release|x64.ActiveCfg = vs2019_Release|x64
		{9399DD9C-B163-3F2C-B4F8-CF7075D91425}.vs2019_Release|x64.Build.0 = vs2019_Release|x64
		{94E8CF10-562B-3BCD-883A-BC0868598382}.Debug|Win32.ActiveCfg = Debug|Win32
		{94E8CF10-562B-3BCD-883A-BC0868598382}.Debug|Win32.Build.0 = Debug|Win32
		{94E8CF10-562B-3BCD-883A-BC0868598382}.Debug|x64.ActiveCfg = Debug|x64
		{94E8CF10-562B-3BCD-883A-BC0868598382}.Debug|x64.Build.0 = Debug|x64
		{94E8CF10-562B-3BCD-883A-BC0868598382}.Release|Win32.ActiveCfg = Release|Win32
		{94E8CF10-562B-3BCD-883A-BC0868598382}.Release|Win32.Build.0 = Release|Win32
		{94E8CF10-562B-3BCD-883A-BC0868598382}.Release|x64.ActiveCfg = Release|x64
		{94E8CF10-562B-3BCD-883A-BC0868598382}.Release|x64.Build.0 = Release|x64
		{94E8CF10-562B-3BCD-883A-BC0868598382}.vs2017_Debug|Win32.ActiveCfg = vs2017_Debug|Win32
		{94E8CF10-562B-3BCD-883A-BC0868598382}.vs2017_Debug|Win32.Build.0 = vs2017_Debug|Win32
		{94E8CF10-562B-3BCD-883A-BC0868598382}.vs2017_Debug|x64.ActiveCfg = vs2017_Debug|x64
		{94E8CF10-562B-3BCD-883A-BC0868598382}.vs2017_Debug|x64.Build.0 = vs2017_Debug|x64
		{94E8CF10-562B-3BCD-883A-BC0868598382}.vs2017_Release|Win32.ActiveCfg = vs2017_Release|Win32
		{94E8CF10-562B-3BCD-883A-BC0868598382}.vs2017_Release|Win32.Build.0 = vs2017_Release|Win32
		{94E8CF10-562B-3BCD-883A-BC0868598382}.vs2017_Release|x64.ActiveCfg = vs2017_Release|x64
		{94E8CF10-562B-3BCD-883A-BC0868598382}.vs2017_Release|x64.Build.0 = vs2017_Release|x64
		{94E8CF10-562B-3BCD-883A-BC0868598382}.vs2019_Debug|Win32.ActiveCfg = vs2019_Debug|Win32
		{94E8CF10-562B-3BCD-883A-BC0868598382}.vs2019_Debug|Win32.Build.0 = vs2019_Debug|Win32
		{94E8CF10-562B-3BCD-883A-BC0868598382}.vs2019_Debug|x64.ActiveCfg = vs2019_Debug|x64
		{94E8CF10-562B-3BCD-883A-BC0868598382}.vs2019_Debug|x64.Build.0 = vs2019_Debug|x64
		{94E8CF10-562B-3BCD-883A-BC0868598382}.vs2019_Release|Win32.ActiveCfg = vs2019_Release|Win32
		{94E8CF10-562B-3BCD-883A-BC0868598382}.vs2019_Release|Win32.Build.0 = vs2019_Release|Win32
		{94E8CF10-562B-3BCD-883A-BC0868598382}.vs2019_Release|x64.ActiveCfg = vs2019_Release|x64
		{94E8CF10-562B-3BCD-883A-BC0868598382}.vs2019_Release|x64.Build.0 = vs2019_Release|x64
		{3F42E894-820C-34D4-A62A-AD727D0B1B65}.Debug|Win32.ActiveCfg = Debug|Win32
		{3F42E894-820C-34D4-A62A-AD727D0B1B65}.Debug|Win32.Build.0 = Debug|Win32
		{3F42E894-820C-34D4-A62A-AD727D0B1B65}.Debug|x64.ActiveCfg = Debug|x64
		{3F42E894-820C-34D4-A62A-AD727D0B1B65}.Debug|x64.Build.0 = Debug|x64
		{3F42E894-820C-34D4-A62A-AD727D0B1B65}.Release|Win32.ActiveCfg = Release|Win32
		{3F42E894-820C-34D4-A62A-AD727D0B1B65}.Release|Win32.Build.0 = Release|Win32
		{3F42E894-820C-34D4-A62A-AD727D0B1B65}.Release|x64.ActiveCfg = Release|x64
		{3F42E894-820C-34D4-A62A-AD727D0B1B65}.Release|x64.Build.0 = Release|x64
		{3F42E894-820C-34D4-A62A-AD727D0B1B65}.vs2017_Debug|Win32.ActiveCfg = vs2017_Debug|Win32
		{3F42E894-820C-34D4-A62A-AD727D0B1B65}.vs2017_Debug|Win32.Build.0 = vs2017_Debug|Win32
		{3F42E894-820C-34D4-A62A-AD727D0B1B65}.vs2017_Debug|x64.ActiveCfg = vs2017_Debug|x64
		{3F42E894-820C-34D4-A62A-AD727D0B1B65}.vs2017_Debug|x64.Build.0 = vs2017_Debug|x64
		{3F42E894-820C-34D4-A62A-AD727D0B1B65}.vs2017_Release|Win32.ActiveCfg = vs2017_Release|Win32
		{3F42E894-820C-34D4-A62A-AD727D0B1B65}.vs2017_Release|Win32.Build.0 = vs2017_Release|Win32
		{3F42E894-820C-34D4-A62A-AD727D0B1B65}.vs2017_Release|x64.ActiveCfg = vs2017_Release|x64
		{3F42E894-820C-34D4-A62A-AD727D0B1B65}.vs2017_Release|x64.Build.0 = vs2017_Release|x64
		{3F42E894-820C-34D4-A62A-AD727D0B1B65}.vs2019_Debug|Win32.ActiveCfg = vs2019_Debug|Win32
		{3F42E894-820C-34D4-A62A-AD727D0B1B65}.vs2019_Debug|Win32.Build.0 = vs2019_Debug|Win32
		{3F42E894-820C-34D4-A62A-AD727D0B1B65}.vs2019_Debug|x64.ActiveCfg = vs2019_Debug|x64
		{3F42E894-820C-34D4-A62A-AD727D0B1B65}.vs2019_Debug|x64.Build.0 = vs2019_Debug|x64
		{3F42E894-820C-34D4-A62A-AD727D0B1B65}.vs2019_Release|Win32.ActiveCfg = vs2019_Release|Win32
		{3F42E894-820C-34D4-A62A-AD727D0B1B65}.vs2019_Release|Win32.Build.0 = vs2019_Release|Win32
		{3F42E894-820C-34D4-A62A-AD727D0B1B65}.vs2019_Release|x64.ActiveCfg = vs2019_Release|x64
		{3F42E894-820C-34D4-A62A-AD727D0B1B65}.vs2019_Release|x64.Build.0 = vs2019_Release|x64
		{AFAF401C-CD6A-3D16-ABE5-B4290AC5E519}.Debug|Win32.ActiveCfg = Debug|Win32
		{AFAF401C-CD6A-3D16-ABE5-B4290AC5E519}.Debug|Win32.Build.0 = Debug|Win32
		{AFAF401C-CD6A-3D16-ABE5-B4290AC5E519}.Debug|x64.ActiveCfg = Debug|x64
		{AFAF401C-CD6A-3D16-ABE5-B4290AC5E519}.Debug|x64.Build.0 = Debug|x64
		{AFAF401C-CD6A-3D16-ABE5-B4290AC5E519}.Release|Win32.ActiveCfg = Release|Win32
		{AFAF401C-CD6A-3D16-ABE5-B4290AC5E519}.Release|Win32.Build.0 = Release|Win32
		{AFAF401C-CD6A-3D16-ABE5-B4290AC5E519}.Release|x64.ActiveCfg = Release|x64
		{AFAF401C-CD6A-3D16-ABE5-B4290AC5E519}.Release|x64.Build.0 = Release|x64
		{AFAF401C-CD6A-3D16-ABE5-B4290AC5E519}.vs2017_Debug|Win32.ActiveCfg = vs2017_Debug|Win32
		{AFAF401C-CD6A-3D16-ABE5-B4290AC5E519}.vs2017_Debug|Win32.Build.0 = vs2017_Debug|Win32
		{AFAF401C-CD6A-3D16-ABE5-B4290AC5E519}.vs2017_Debug|x64.ActiveCfg = vs2017_Debug|x64
		{AFAF401C-CD6A-3D16-ABE5-B4290AC5E519}.vs2017_Debug|x64.Build.0 = vs2017_Debug|x64
		{AFAF401C-CD6A-3D16-ABE5-B4290AC5E519}.vs2017_Release|Win32.ActiveCfg = vs2017_Release|Win32
		{AFAF401C-CD6A-3D16-ABE5-B4290AC5E519}.vs2017_Release|Win32.Build.0 = vs2017_Release|Win32
		{AFAF401C-CD6A-3D16-ABE5-B4290AC5E519}.vs2017_Release|x64.ActiveCfg = vs2017_Release|x64
		{AFAF401C-CD6A-3D16-ABE5-B4290AC5E519}.vs2017_Release|x64.Build.0 = vs2017_Release|x64
		{AFAF401C-CD6A-3D16-ABE5-B4290AC5E519}.vs2019_Debug|Win32.ActiveCfg = vs2019_Debug|Win32
		{AFAF401C-CD6A-3D16-ABE5-B4290AC5E519}.vs2019_Debug|Win32.Build.0 = vs2019_Debug|Win32
		{AFAF401C-CD6A-3D16-ABE5-B4290AC5E519}.vs2019_Debug|x64.ActiveCfg = vs2019_Debug|x64
		{AFAF401C-CD6A-3D16-ABE5-B4290AC5E519}.vs2019_Debug|x64.Build.0 = vs2019_Debug|x64
		{AFAF401C-CD6A-3D16-ABE5-B4290AC5E519}.vs2019_Release|Win32.ActiveCfg = vs2019_Release|Win32
		{AFAF401C-CD6A-3D16-ABE5-B4290AC5E519}.vs2019_Release|Win32.Build.0 = vs2019_Release|Win32
		{AFAF401C-CD6A-3D16-ABE5-B4290AC5E519}.vs2019_Release|x64.ActiveCfg = vs2019_Release|x64
		{AFAF401C-CD6A-3D16-ABE5-B4290AC5E519}.vs2019_Release|x64.Build.0 = vs2019_Release|x64
		{40E471F5-81D4-3BF1-BA8F-EA54060D9B5A}.Debug|Win32.ActiveCfg = Debug|Win32
		{40E471F5-81D4-3BF1-BA8F-EA54060D9B5A}.Debug|Win32.Build.0 = Debug|Win32
		{40E471F5-81D4-3BF1-BA8F-EA54060D9B5A}.Debug|x64.ActiveCfg = Debug|x64
		{40E471F5-81D4-3BF1-BA8F-EA54060D9B5A}.Debug|x64.Build.0 = Debug|x64
		{40E471F5-81D4-3BF1-BA8F-EA54060D9B5A}.Release|Win32.ActiveCfg = Release|Win32
		{40E471F5-81D4-3BF1-BA8F-EA54060D9B5A}.Release|Win32.Build.0 = Release|Win32
		{40E471F5-81D4-3BF1-BA8F-EA54060D9B5A}.Release|x64.ActiveCfg = Release|x64
		{40E471F5-81D4-3BF1-BA8F-EA54060D9B5A}.Release|x64.Build.0 = Release|x64
		{40E471F5-81D4-3BF1-BA8F-EA54060D9B5A}.vs2017_Debug|Win32.ActiveCfg = vs2017_Debug|Win32
		{40E471F5-81D4-3BF1-BA8F-EA54060D9B5A}.vs2017_Debug|Win32.Build.0 = vs2017_Debug|Win32
		{40E471F5-81D4-3BF1-BA8F-EA54060D9B5A}.vs2017_Debug|x64.ActiveCfg = vs2017_Debug|x64
		{40E471F5-81D4-3BF1-BA8F-EA54060D9B5A}.vs2017_Debug|x64.Build.0 = vs2017_Debug|x64
		{40E471F5-81D4-3BF1-BA8F-EA54060D9B5A}.vs2017_Release|Win32.ActiveCfg = vs2017_Release|Win32
		{40E471F5-81D4-3BF1-BA8F-EA54060D9B5A}.vs2017_Release|Win32.Build.0 = vs2017_Release|Win32
		{40E471F5-81D4-3BF1-BA8F-EA54060D9B5A}.vs2017_Release|x64.ActiveCfg = vs2017_Release|x64
		{40E471F5-81D4-3BF1-BA8F-EA54060D9B5A}.vs2017_Release|x64.Build.0 = vs2017_Release|x64
		{40E471F5-81D4-3BF1-BA8F-EA54060D9B5A}.vs2019_Debug|Win32.ActiveCfg = vs2019_Debug|Win32
		{40E471F5-81D4-3BF1-BA8F-EA54060D9B5A}.vs2019_Debug|Win32.Build.0 = vs2019_Debug|Win32
		{40E471F5-81D4-3BF1-BA8F-EA54060D9B5A}.vs2019_Debug|x64.ActiveCfg = vs2019_Debug|x64
		{40E471F5-81D4-3BF1-BA8F-EA54060D9B5A}.vs2019_Debug|x64.Build.0 = vs2019_Debug|x64
		{40E471F5-81D4-3BF1-BA8F-EA54060D9B5A}.vs2019_Release|Win32.ActiveCfg = vs2019_Release|Win32
		{40E471F5-81D4-3BF1-BA8F-EA54060D9B5A}.vs2019_Release|Win32.Build.0 = vs2019_Release|Win32
		{40E471F5-81D4-3BF1-BA8F-EA54060D9B5A}.vs2019_Release|x64.ActiveCfg = vs2019_Release|x64
		{40E471F5-81D4-3BF1-BA8F-EA54060D9B5A}.vs2019_Release|x64.Build.0 = vs2019_Release|x64
		{2D847D38-B29D-3292-9276-73A77FE3A107}.Debug|Win32.ActiveCfg = Debug|Win32
		{2D847D38-B29D-3292-9276-73A77FE3A107}.Debug|Win32.Build.0 = Debug|Win32
		{2D847D38-B29D-3292-9276-73A77FE3A107}.Debug|x64.ActiveCfg = Debug|x64
		{2D847D38-B29D-3292-9276-73A77FE3A107}.Debug|x64.Build.0 = Debug|x64
		{2D847D38-B29D-3292-9276-73A77FE3A107}.Release|Win32.ActiveCfg = Release|Win32
		{2D847D38-B29D-3292-9276-73A77FE3A107}.Release|Win32.Build.0 = Release|Win32
		{2D847D38-B29D-3292-9276-73A77FE3A107}.Release|x64.ActiveCfg = Release|x64
		{2D847D38-B29D-3292-9276-73A77FE3A107}.Release|x64.Build.0 = Release|x64
		{2D847D38-B29D-3292-9276-73A77FE3A107}.vs2017_Debug|Win32.ActiveCfg = vs2017_Debug|Win32
		{2D847D38-B29D-3292-9276-73A77FE3A107}.vs2017_Debug|Win32.Build.0 = vs2017_Debug|Win32
		{2D847D38-B29D-3292-9276-73A77FE3A107}.vs2017_Debug|x64.ActiveCfg = vs2017_Debug|x64
		{2D847D38-B29D-3292-9276-73A77FE3A107}.vs2017_Debug|x64.Build.0 = vs2017_Debug|x64
		{2D847D38-B29D-3292-9276-73A77FE3A107}.vs2017_Release|Win32.ActiveCfg = vs2017_Release|Win32
		{2D847D38-B29D-3292-9276-73A77FE3A107}.vs2017_Release|Win32.Build.0 = vs2017_Release|Win32
		{2D847D38-B29D-3292-9276-73A77FE3A107}.vs2017_Release|x64.ActiveCfg = vs2017_Release|x64
		{2D847D38-B29D-3292-9276-73A77FE3A107}.vs2017_Release|x64.Build.0 = vs2017_Release|x64
		{2D847D38-B29D-3292-9276-73A77FE3A107}.vs2019_Debug|Win32.ActiveCfg = vs2019_Debug|Win32
		{2D847D38-B29D-3292-9276-73A77FE3A107}.vs2019_Debug|Win32.Build.0 = vs2019_Debug|Win32
		{2D847D38-B29D-3292-9276-73A77FE3A107}.vs2019_Debug|x64.ActiveCfg = vs2019_Debug|x64
		{2D847D38-B29D-3292-9276-73A77FE3A107}.vs2019_Debug|x64.Build.0 = vs2019_Debug|x64
		{2D847D38-B29D-3292-9276-73A77FE3A107}.vs2019_Release|Win32.ActiveCfg = vs2019_Release|Win32
		{2D847D38-B29D-3292-9276-73A77FE3A107}.vs2019_Release|Win32.Build.0 = vs2019_Release|Win32
		{2D847D38-B29D-3292-9276-73A77FE3A107}.vs2019_Release|x64.ActiveCfg = vs2019_Release|x64
		{2D847D38-B29D-3292-9276-73A77FE3A107}.vs2019_Release|x64.Build.0 = vs2019_Release|x64
		{94258512-D4F9-3E3E-A747-0600269FD585}.Debug|Win32.ActiveCfg = Debug|Win32
		{94258512-D4F9-3E3E-A747-0600269FD585}.Debug|Win32.Build.0 = Debug|Win32
		{94258512-D4F9-3E3E-A747-0600269FD585}.Debug|x64.ActiveCfg = Debug|x64
		{94258512-D4F9-3E3E-A747-0600269FD585}.Debug|x64.Build.0 = Debug|x64
		{94258512-D4F9-3E3E-A747-0600269FD585}.Release|Win32.ActiveCfg = Release|Win32
		{94258512-D4F9-3E3E-A747-0600269FD585}.Release|Win32.Build.0 = Release|Win32
		{94258512-D4F9-3E3E-A747-0600269FD585}.Release|x64.ActiveCfg = Release|x64
		{94258512-D4F9-3E3E-A747-0600269FD585}.Release|x64.Build.0 = Release|x64
		{94258512-D4F9-3E3E-A747-0600269FD585}.vs2017_Debug|Win32.ActiveCfg = vs2017_Debug|Win32
		{94258512-D4F9-3E3E-A747-0600269FD585}.vs2017_Debug|Win32.Build.0 = vs2017_Debug|Win32
		{94258512-D4F9-3E3E-A747-0600269FD585}.vs2017_Debug|x64.ActiveCfg = vs2017_Debug|x64
		{94258512-D4F9-3E3E-A747-0600269FD585}.vs2017_Debug|x64.Build.0 = vs2017_Debug|x64
		{94258512-D4F9-3E3E-A747-0600269FD585}.vs2017_Release|Win32.ActiveCfg = vs2017_Release|Win32
		{94258512-D4F9-3E3E-A747-0600269FD585}.vs2017_Release|Win32.Build.0 = vs2017_Release|Win32
		{94258512-D4F9-3E3E-A747-0600269FD585}.vs2017_Release|x64.ActiveCfg = vs2017_Release|x64
		{94258512-D4F9-3E3E-A747-0600269FD585}.vs2017_Release|x64.Build.0 = vs2017_Release|x64
		{94258512-D4F9-3E3E-A747-0600269FD585}.vs2019_Debug|Win32.ActiveCfg = vs2019_Debug|Win32
		{94258512-D4F9-3E3E-A747-0600269FD585}.vs2019_Debug|Win32.Build.0 = vs2019_Debug|Win32
		{94258512-D4F9-3E3E-A747-0600269FD585}.vs2019_Debug|x64.ActiveCfg = vs2019_Debug|x64
		{94258512-D4F9-3E3E-A747-0600269FD585}.vs2019_Debug|x64.Build.0 = vs2019_Debug|x64
		{94258512-D4F9-3E3E-A747-0600269FD585}.vs2019_Release|Win32.ActiveCfg = vs2019_Release|Win32
		{94258512-D4F9-3E3E-A747-0600269FD585}.vs2019_Release|Win32.Build.0 = vs2019_Release|Win32
		{94258512-D4F9-3E3E-A747-0600269FD585}.vs2019_Release|x64.ActiveCfg = vs2019_Release|x64
		{94258512-D4F9-3E3E-A747-0600269FD585}.vs2019_Release|x64.Build.0 = vs2019_Release|x64
		{15759682-7724-3D51-A318-1050BDA39959}.Debug|Win32.ActiveCfg = Debug|Win32
		{15759682-7724-3D51-A318-1050BDA39959}.Debug|Win32.Build.0 = Debug|Win32
		{15759682-7724-3D51-A318-1050BDA39959}.Debug|x64.ActiveCfg = Debug|x64
		{15759682-7724-3D51-A318-1050BDA39959}.Debug|x64.Build.0 = Debug|x64
		{15759682-7724-3D51-A318-1050BDA39959}.Release|Win32.ActiveCfg = Release|Win32
		{15759682-7724-3D51-A318-1050BDA39959}.Release|Win32.Build.0 = Release|Win32
		{15759682-7724-3D51-A318-1050BDA39959}.Release|x64.ActiveCfg = Release|x64
		{15759682-7724-3D51-A318-1050BDA39959}.Release|x64.Build.0 = Release|x64
		{15759682-7724-3D51-A318-1050BDA39959}.vs2017_Debug|Win32.ActiveCfg = vs2017_Debug|Win32
		{15759682-7724-3D51-A318-1050BDA39959}.vs2017_Debug|Win32.Build.0 = vs2017_Debug|Win32
		{15759682-7724-3D51-A318-1050BDA39959}.vs2017_Debug|x64.ActiveCfg = vs2017_Debug|x64
		{15759682-7724-3D51-A318-1050BDA39959}.vs2017_Debug|x64.Build.0 = vs2017_Debug|x64
		{15759682-7724-3D51-A318-1050BDA39959}.vs2017_Release|Win32.ActiveCfg = vs2017_Release|Win32
		{15759682-7724-3D51-A318-1050BDA39959}.vs2017_Release|Win32.Build.0 = vs2017_Release|Win32
		{15759682-7724-3D51-A318-1050BDA39959}.vs2017_Release|x64.ActiveCfg = vs2017_Release|x64
		{15759682-7724-3D51-A318-1050BDA39959}.vs2017_Release|x64.Build.0 = vs2017_Release|x64
		{15759682-7724-3D51-A318-1050BDA39959}.vs2019_Debug|Win32.ActiveCfg = vs2019_Debug|Win32
		{15759682-7724-3D51-A318-1050BDA39959}.vs2019_Debug|Win32.Build.0 = vs2019_Debug|Win32
		{15759682-7724-3D51-A318-1050BDA39959}.vs2019_Debug|x64.ActiveCfg = vs2019_Debug|x64
		{15759682-7724-3D51-A318-1050BDA39959}.vs2019_Debug|x64.Build.0 = vs2019_Debug|x64
		{15759682-7724-3D51-A318-1050BDA39959}.vs2019_Release|Win32.ActiveCfg = vs2019_Release|Win32
		{15759682-7724-3D51-A318-1050BDA39959}.vs2019_Release|Win32.Build.0 = vs2019_Release|Win32
		{15759682-7724-3D51-A318-1050BDA39959}.vs2019_Release|x64.ActiveCfg = vs2019_Release|x64
		{15759682-7724-3D51-A318-1050BDA39959}.vs2019_Release|x64.Build.0 = vs2019_Release|x64
		{D7DFC9E9-5549-364F-9C49-CA5BFFA060EC}.Debug|Win32.ActiveCfg = Debug|Win32
		{D7DFC9E9-5549-364F-9C49-CA5BFFA060EC}.Debug|Win32.Build.0 = Debug|Win32
		{D7DFC9E9-5549-364F-9C49-CA5BFFA060EC}.Debug|x64.ActiveCfg = Debug|x64
		{D7DFC9E9-5549-364F-9C49-CA5BFFA060EC}.Debug|x64.Build.0 = Debug|x64
		{D7DFC9E9-5549-364F-9C49-CA5BFFA060EC}.Release|Win32.ActiveCfg = Release|Win32
		{D7DFC9E9-5549-364F-9C49-CA5BFFA060EC}.Release|Win32.Build.0 = Release|Win32
		{D7DFC9E9-5549-364F-9C49-CA5BFFA060EC}.Release|x64.ActiveCfg = Release|x64
		{D7DFC9E9-5549-364F-9C49-CA5BFFA060EC}.Release|x64.Build.0 = Release|x64
		{D7DFC9E9-5549-364F-9C49-CA5BFFA060EC}.vs2017_Debug|Win32.ActiveCfg = vs2017_Debug|Win32
		{D7DFC9E9-5549-364F-9C49-CA5BFFA060EC}.vs2017_Debug|Win32.Build.0 = vs2017_Debug|Win32
		{D7DFC9E9-5549-364F-9C49-CA5BFFA060EC}.vs2017_Debug|x64.ActiveCfg = vs2017_Debug|x64
		{D7DFC9E9-5549-364F-9C49-CA5BFFA060EC}.vs2017_Debug|x64.Build.0 = vs2017_Debug|x64
		{D7DFC9E9-5549-364F-9C49-CA5BFFA060EC}.vs2017_Release|Win32.ActiveCfg = vs2017_Release|Win32
		{D7DFC9E9-5549-364F-9C49-CA5BFFA060EC}.vs2017_Release|Win32.Build.0 = vs2017_Release|Win32
		{D7DFC9E9-5549-364F-9C49-CA5BFFA060EC}.vs2017_Release|x64.ActiveCfg = vs2017_Release|x64
		{D7DFC9E9-5549-364F-9C49-CA5BFFA060EC}.vs2017_Release|x64.Build.0 = vs2017_Release|x64
		{D7DFC9E9-5549-364F-9C49-CA5BFFA060EC}.vs2019_Debug|Win32.ActiveCfg = vs2019_Debug|Win32
		{D7DFC9E9-5549-364F-9C49-CA5BFFA060EC}.vs2019_Debug|Win32.Build.0 = vs2019_Debug|Win32
		{D7DFC9E9-5549-364F-9C49-CA5BFFA060EC}.vs2019_Debug|x64.ActiveCfg = vs2019_Debug|x64
		{D7DFC9E9-5549-364F-9C49-CA5BFFA060EC}.vs2019_Debug|x64.Build.0 = vs2019_Debug|x64
		{D7DFC9E9-5549-364F-9C49-CA5BFFA060EC}.vs2019_Release|Win32.ActiveCfg = vs2019_Release|Win32
		{D7DFC9E9-5549-364F-9C49-CA5BFFA060EC}.vs2019_Release|Win32.Build.0 = vs2019_Release|Win32
		{D7DFC9E9-5549-364F-9C49-CA5BFFA060EC}.vs2019_Release|x64.ActiveCfg = vs2019_Release|x64
		{D7DFC9E9-5549-364F-9C49-CA5BFFA060EC}.vs2019_Release|x64.Build.0 = vs2019_Release|x64
		{3E766BCF-1867-38D9-8B07-64E06F1D08E7}.Debug|Win32.ActiveCfg = Debug|Win32
		{3E766BCF-1867-38D9-8B07-64E06F1D08E7}.Debug|Win32.Build.0 = Debug|Win32
		{3E766BCF-1867-38D9-8B07-64E06F1D08E7}.Debug|x64.ActiveCfg = Debug|x64
		{3E766BCF-1867-38D9-8B07-64E06F1D08E7}.Debug|x64.Build.0 = Debug|x64
		{3E766BCF-1867-38D9-8B07-64E06F1D08E7}.Release|Win32.ActiveCfg = Release|Win32
		{3E766BCF-1867-38D9-8B07-64E06F1D08E7}.Release|Win32.Build.0 = Release|Win32
		{3E766BCF-1867-38D9-8B07-64E06F1D08E7}.Release|x64.ActiveCfg = Release|x64
		{3E766BCF-1867-38D9-8B07-64E06F1D08E7}.Release|x64.Build.0 = Release|x64
		{3E766BCF-1867-38D9-8B07-64E06F1D08E7}.vs2017_Debug|Win32.ActiveCfg = vs2017_Debug|Win32
		{3E766BCF-1867-38D9-8B07-64E06F1D08E7}.vs2017_Debug|Win32.Build.0 = vs2017_Debug|Win32
		{3E766BCF-1867-38D9-8B07-64E06F1D08E7}.vs2017_Debug|x64.ActiveCfg = vs2017_Debug|x64
		{3E766BCF-1867-38D9-8B07-64E06F1D08E7}.vs2017_Debug|x64.Build.0 = vs2017_Debug|x64
		{3E766BCF-1867-38D9-8B07-64E06F1D08E7}.vs2017_Release|Win32.ActiveCfg = vs2017_Release|Win32
		{3E766BCF-1867-38D9-8B07-64E06F1D08E7}.vs2017_Release|Win32.Build.0 = vs2017_Release|Win32
		{3E766BCF-1867-38D9-8B07-64E06F1D08E7}.vs2017_Release|x64.ActiveCfg = vs2017_Release|x64
		{3E766BCF-1867-38D9-8B07-64E06F1D08E7}.vs2017_Release|x64.Build.0 = vs2017_Release|x64
		{3E766BCF-1867-38D9-8B07-64E06F1D08E7}.vs2019_Debug|Win32.ActiveCfg = vs2019_Debug|Win32
		{3E766BCF-1867-38D9-8B07-64E06F1D08E7}.vs2019_Debug|Win32.Build.0 = vs2019_Debug|Win32
		{3E766BCF-1867-38D9-8B07-64E06F1D08E7}.vs2019_Debug|x64.ActiveCfg = vs2019_Debug|x64
		{3E766BCF-1867-38D9-8B07-64E06F1D08E7}.vs2019_Debug|x64.Build.0 = vs2019_Debug|x64
		{3E766BCF-1867-38D9-8B07-64E06F1D08E7}.vs2019_Release|Win32.ActiveCfg = vs2019_Release|Win32
		{3E766BCF-1867-38D9-8B07-64E06F1D08E7}.vs2019_Release|Win32.Build.0 = vs2019_Release|Win32
		{3E766BCF-1867-38D9-8B07-64E06F1D08E7}.vs2019_Release|x64.ActiveCfg = vs2019_Release|x64
		{3E766BCF-1867-38D9-8B07-64E06F1D08E7}.vs2019_Release|x64.Build.0 = vs2019_Release|x64
		{9109E937-4843-351A-BF94-CB39E02D0496}.Debug|Win32.ActiveCfg = Debug|Win32
		{9109E937-4843-351A-BF94-CB39E02D0496}.Debug|Win32.Build.0 = Debug|Win32
		{9109E937-4843-351A-BF94-CB39E02D0496}.Debug|x64.ActiveCfg = Debug|x64
		{9109E937-4843-351A-BF94-CB39E02D0496}.Debug|x64.Build.0 = Debug|x64
		{9109E937-4843-351A-BF94-CB39E02D0496}.Release|Win32.ActiveCfg = Release|Win32
		{9109E937-4843-351A-BF94-CB39E02D0496}.Release|Win32.Build.0 = Release|Win32
		{9109E937-4843-351A-BF94-CB39E02D0496}.Release|x64.ActiveCfg = Release|x64
		{9109E937-4843-351A-BF94-CB39E02D0496}.Release|x64.Build.0 = Release|x64
		{9109E937-4843-351A-BF94-CB39E02D0496}.vs2017_Debug|Win32.ActiveCfg = vs2017_Debug|Win32
		{9109E937-4843-351A-BF94-CB39E02D0496}.vs2017_Debug|Win32.Build.0 = vs2017_Debug|Win32
		{9109E937-4843-351A-BF94-CB39E02D0496}.vs2017_Debug|x64.ActiveCfg = vs2017_Debug|x64
		{9109E937-4843-351A-BF94-CB39E02D0496}.vs2017_Debug|x64.Build.0 = vs2017_Debug|x64
		{9109E937-4843-351A-BF94-CB39E02D0496}.vs2017_Release|Win32.ActiveCfg = vs2017_Release|Win32
		{9109E937-4843-351A-BF94-CB39E02D0496}.vs2017_Release|Win32.Build.0 = vs2017_Release|Win32
		{9109E937-4843-351A-BF94-CB39E02D0496}.vs2017_Release|x64.ActiveCfg = vs2017_Release|x64
		{9109E937-4843-351A-BF94-CB39E02D0496}.vs2017_Release|x64.Build.0 = vs2017_Release|x64
		{9109E937-4843-351A-BF94-CB39E02D0496}.vs2019_Debug|Win32.ActiveCfg = vs2019_Debug|Win32
		{9109E937-4843-351A-BF94-CB39E02D0496}.vs2019_Debug|Win32.Build.0 = vs2019_Debug|Win32
		{9109E937-4843-351A-BF94-CB39E02D0496}.vs2019_Debug|x64.ActiveCfg = vs2019_Debug|x64
		{9109E937-4843-351A-BF94-CB39E02D0496}.vs2019_Debug|x64.Build.0 = vs2019_Debug|x64
		{9109E937-4843-351A-BF94-CB39E02D0496}.vs2019_Release|Win32.ActiveCfg = vs2019_Release|Win32
		{9109E937-4843-351A-BF94-CB39E02D0496}.vs2019_Release|Win32.Build.0 = vs2019_Release|Win32
		{9109E937-4843-351A-BF94-CB39E02D0496}.vs2019_Release|x64.ActiveCfg = vs2019_Release|x64
		{9109E937-4843-351A-BF94-CB39E02D0496}.vs2019_Release|x64.Build.0 = vs2019_Release|x64
		{782C7638-66BE-3D2A-8887-1A059CE4763B}.Debug|Win32.ActiveCfg = Debug|Win32
		{782C7638-66BE-3D2A-8887-1A059CE4763B}.Debug|Win32.Build.0 = Debug|Win32
		{782C7638-66BE-3D2A-8887-1A059CE4763B}.Debug|x64.ActiveCfg = Debug|x64
		{782C7638-66BE-3D2A-8887-1A059CE4763B}.Debug|x64.Build.0 = Debug|x64
		{782C7638-66BE-3D2A-8887-1A059CE4763B}.Release|Win32.ActiveCfg = Release|Win32
		{782C7638-66BE-3D2A-8887-1A059CE4763B}.Release|Win32.Build.0 = Release|Win32
		{782C7638-66BE-3D2A-8887-1A059CE4763B}.Release|x64.ActiveCfg = Release|x64
		{782C7638-66BE-3D2A-8887-1A059CE4763B}.Release|x64.Build.0 = Release|x64
		{782C7638-66BE-3D2A-8887-1A059CE4763B}.vs2017_Debug|Win32.ActiveCfg = vs2017_Debug|Win32
		{782C7638-66BE-3D2A-8887-1A059CE4763B}.vs2017_Debug|Win32.Build.0 = vs2017_Debug|Win32
		{782C7638-66BE-3D2A-8887-1A059CE4763B}.vs2017_Debug|x64.ActiveCfg = vs2017_Debug|x64
		{782C7638-66BE-3D2A-8887-1A059CE4763B}.vs2017_Debug|x64.Build.0 = vs2017_Debug|x64
		{782C7638-66BE-3D2A-8887-1A059CE4763B}.vs2017_Release|Win32.ActiveCfg = vs2017_Release|Win32
		{782C7638-66BE-3D2A-8887-1A059CE4763B}.vs2017_Release|Win32.Build.0 = vs2017_Release|Win32
		{782C7638-66BE-3D2A-8887-1A059CE4763B}.vs2017_Release|x64.ActiveCfg = vs2017_Release|x64
		{782C7638-66BE-3D2A-8887-1A059CE4763B}.vs2017_Release|x64.Build.0 = vs2017_Release|x64
		{782C7638-66BE-3D2A-8887-1A059CE4763B}.vs2019_Debug|Win32.ActiveCfg = vs2019_Debug|Win32
		{782C7638-66BE-3D2A-8887-1A059CE4763B}.vs2019_Debug|Win32.Build.0 = vs2019_Debug|Win32
		{782C7638-66BE-3D2A-8887-1A059CE4763B}.vs2019_Debug|x64.ActiveCfg = vs2019_Debug|x64
		{782C7638-66BE-3D2A-8887-1A059CE4763B}.vs2019_Debug|x64.Build.0 = vs2019_Debug|x64
		{782C7638-66BE-3D2A-8887-1A059CE4763B}.vs2019_Release|Win32.ActiveCfg = vs2019_Release|Win32
		{782C7638-66BE-3D2A-8887-1A059CE4763B}.vs2019_Release|Win32.Build.0 = vs2019_Release|Win32
		{782C7638-66BE-3D2A-8887-1A059CE4763B}.vs2019_Release|x64.ActiveCfg = vs2019_Release|x64
		{782C7638-66BE-3D2A-8887-1A059CE4763B}.vs2019_Release|x64.Build.0 = vs2019_Release|x64
		{482CB58C-8E04-3190-8D08-03D36AA8F0F7}.Debug|Win32.ActiveCfg = Debug|Win32
		{482CB58C-8E04-3190-8D08-03D36AA8F0F7}.Debug|Win32.Build.0 = Debug|Win32
		{482CB58C-8E04-3190-8D08-03D36AA8F0F7}.Debug|x64.ActiveCfg = Debug|x64
		{482CB58C-8E04-3190-8D08-03D36AA8F0F7}.Debug|x64.Build.0 = Debug|x64
		{482CB58C-8E04-3190-8D08-03D36AA8F0F7}.Release|Win32.ActiveCfg = Release|Win32
		{482CB58C-8E04-3190-8D08-03D36AA8F0F7}.Release|Win32.Build.0 = Release|Win32
		{482CB58C-8E04-3190-8D08-03D36AA8F0F7}.Release|x64.ActiveCfg = Release|x64
		{482CB58C-8E04-3190-8D08-03D36AA8F0F7}.Release|x64.Build.0 = Release|x64
		{482CB58C-8E04-3190-8D08-03D36AA8F0F7}.vs2017_Debug|Win32.ActiveCfg = vs2017_Debug|Win32
		{482CB58C-8E04-3190-8D08-03D36AA8F0F7}.vs2017_Debug|Win32.Build.0 = vs2017_Debug|Win32
		{482CB58C-8E04-3190-8D08-03D36AA8F0F7}.vs2017_Debug|x64.ActiveCfg = vs2017_Debug|x64
		{482CB58C-8E04-3190-8D08-03D36AA8F0F7}.vs2017_Debug|x64.Build.0 = vs2017_Debug|x64
		{482CB58C-8E04-3190-8D08-03D36AA8F0F7}.vs2017_Release|Win32.ActiveCfg = vs2017_Release|Win32
		{482CB58C-8E04-3190-8D08-03D36AA8F0F7}.vs2017_Release|Win32.Build.0 = vs2017_Release|Win32
		{482CB58C-8E04-3190-8D08-03D36AA8F0F7}.vs2017_Release|x64.ActiveCfg = vs2017_Release|x64
		{482CB58C-8E04-3190-8D08-03D36AA8F0F7}.vs2017_Release|x64.Build.0 = vs2017_Release|x64
		{482CB58C-8E04-3190-8D08-03D36AA8F0F7}.vs2019_Debug|Win32.ActiveCfg = vs2019_Debug|Win32
		{482CB58C-8E04-3190-8D08-03D36AA8F0F7}.vs2019_Debug|Win32.Build.0 = vs2019_Debug|Win32
		{482CB58C-8E04-3190-8D08-03D36AA8F0F7}.vs2019_Debug|x64.ActiveCfg = vs2019_Debug|x64
		{482CB58C-8E04-3190-8D08-03D36AA8F0F7}.vs2019_Debug|x64.Build.0 = vs2019_Debug|x64
		{482CB58C-8E04-3190-8D08-03D36AA8F0F7}.vs2019_Release|Win32.ActiveCfg = vs2019_Release|Win32
		{482CB58C-8E04-3190-8D08-03D36AA8F0F7}.vs2019_Release|Win32.Build.0 = vs2019_Release|Win32
		{482CB58C-8E04-3190-8D08-03D36AA8F0F7}.vs2019_Release|x64.ActiveCfg = vs2019_Release|x64
		{482CB58C-8E04-3190-8D08-03D36AA8F0F7}.vs2019_Release|x64.Build.0 = vs2019_Release|x64
		{B5AAAA1C-6A17-31AD-B224-0BA8DE13AE40}.Debug|Win32.ActiveCfg = Debug|Win32
		{B5AAAA1C-6A17-31AD-B224-0BA8DE13AE40}.Debug|Win32.Build.0 = Debug|Win32
		{B5AAAA1C-6A17-31AD-B224-0BA8DE13AE40}.Debug|x64.ActiveCfg = Debug|x64
		{B5AAAA1C-6A17-31AD-B224-0BA8DE13AE40}.Debug|x64.Build.0 = Debug|x64
		{B5AAAA1C-6A17-31AD-B224-0BA8DE13AE40}.Release|Win32.ActiveCfg = Release|Win32
		{B5AAAA1C-6A17-31AD-B224-0BA8DE13AE40}.Release|Win32.Build.0 = Release|Win32
		{B5AAAA1C-6A17-31AD-B224-0BA8DE13AE40}.Release|x64.ActiveCfg = Release|x64
		{B5AAAA1C-6A17-31AD-B224-0BA8DE13AE40}.Release|x64.Build.0 = Release|x64
		{B5AAAA1C-6A17-31AD-B224-0BA8DE13AE40}.vs2017_Debug|Win32.ActiveCfg = vs2017_Debug|Win32
		{B5AAAA1C-6A17-31AD-B224-0BA8DE13AE40}.vs2017_Debug|Win32.Build.0 = vs2017_Debug|Win32
		{B5AAAA1C-6A17-31AD-B224-0BA8DE13AE40}.vs2017_Debug|x64.ActiveCfg = vs2017_Debug|x64
		{B5AAAA1C-6A17-31AD-B224-0BA8DE13AE40}.vs2017_Debug|x64.Build.0 = vs2017_Debug|x64
		{B5AAAA1C-6A17-31AD-B224-0BA8DE13AE40}.vs2017_Release|Win32.ActiveCfg = vs2017_Release|Win32
		{B5AAAA1C-6A17-31AD-B224-0BA8DE13AE40}.vs2017_Release|Win32.Build.0 = vs2017_Release|Win32
		{B5AAAA1C-6A17-31AD-B224-0BA8DE13AE40}.vs2017_Release|x64.ActiveCfg = vs2017_Release|x64
		{B5AAAA1C-6A17-31AD-B224-0BA8DE13AE40}.vs2017_Release|x64.Build.0 = vs2017_Release|x64
		{B5AAAA1C-6A17-31AD-B224-0BA8DE13AE40}.vs2019_Debug|Win32.ActiveCfg = vs2019_Debug|Win32
		{B5AAAA1C-6A17-31AD-B224-0BA8DE13AE40}.vs2019_Debug|Win32.Build.0 = vs2019_Debug|Win32
		{B5AAAA1C-6A17-31AD-B224-0BA8DE13AE40}.vs2019_Debug|x64.ActiveCfg = vs2019_Debug|x64
		{B5AAAA1C-6A17-31AD-B224-0BA8DE13AE40}.vs2019_Debug|x64.Build.0 = vs2019_Debug|x64
		{B5AAAA1C-6A17-31AD-B224-0BA8DE13AE40}.vs2019_Release|Win32.ActiveCfg = vs2019_Release|Win32
		{B5AAAA1C-6A17-31AD-B224-0BA8DE13AE40}.vs2019_Release|Win32.Build.0 = vs2019_Release|Win32
		{B5AAAA1C-6A17-31AD-B224-0BA8DE13AE40}.vs2019_Release|x64.ActiveCfg = vs2019_Release|x64
		{B5AAAA1C-6A17-31AD-B224-0BA8DE13AE40}.vs2019_Release|x64.Build.0 = vs2019_Release|x64
		{B09B10F9-1880-3630-BEC4-80B5E7C2F740}.Debug|Win32.ActiveCfg = Debug|Win32
		{B09B10F9-1880-3630-BEC4-80B5E7C2F740}.Debug|Win32.Build.0 = Debug|Win32
		{B09B10F9-1880-3630-BEC4-80B5E7C2F740}.Debug|x64.ActiveCfg = Debug|x64
		{B09B10F9-1880-3630-BEC4-80B5E7C2F740}.Debug|x64.Build.0 = Debug|x64
		{B09B10F9-1880-3630-BEC4-80B5E7C2F740}.Release|Win32.ActiveCfg = Release|Win32
		{B09B10F9-1880-3630-BEC4-80B5E7C2F740}.Release|Win32.Build.0 = Release|Win32
		{B09B10F9-1880-3630-BEC4-80B5E7C2F740}.Release|x64.ActiveCfg = Release|x64
		{B09B10F9-1880-3630-BEC4-80B5E7C2F740}.Release|x64.Build.0 = Release|x64
		{B09B10F9-1880-3630-BEC4-80B5E7C2F740}.vs2017_Debug|Win32.ActiveCfg = vs2017_Debug|Win32
		{B09B10F9-1880-3630-BEC4-80B5E7C2F740}.vs2017_Debug|Win32.Build.0 = vs2017_Debug|Win32
		{B09B10F9-1880-3630-BEC4-80B5E7C2F740}.vs2017_Debug|x64.ActiveCfg = vs2017_Debug|x64
		{B09B10F9-1880-3630-BEC4-80B5E7C2F740}.vs2017_Debug|x64.Build.0 = vs2017_Debug|x64
		{B09B10F9-1880-3630-BEC4-80B5E7C2F740}.vs2017_Release|Win32.ActiveCfg = vs2017_Release|Win32
		{B09B10F9-1880-3630-BEC4-80B5E7C2F740}.vs2017_Release|Win32.Build.0 = vs2017_Release|Win32
		{B09B10F9-1880-3630-BEC4-80B5E7C2F740}.vs2017_Release|x64.ActiveCfg = vs2017_Release|x64
		{B09B10F9-1880-3630-BEC4-80B5E7C2F740}.vs2017_Release|x64.Build.0 = vs2017_Release|x64
		{B09B10F9-1880-3630-BEC4-80B5E7C2F740}.vs2019_Debug|Win32.ActiveCfg = vs2019_Debug|Win32
		{B09B10F9-1880-3630-BEC4-80B5E7C2F740}.vs2019_Debug|Win32.Build.0 = vs2019_Debug|Win32
		{B09B10F9-1880-3630-BEC4-80B5E7C2F740}.vs2019_Debug|x64.ActiveCfg = vs2019_Debug|x64
		{B09B10F9-1880-3630-BEC4-80B5E7C2F740}.vs2019_Debug|x64.Build.0 = vs2019_Debug|x64
		{B09B10F9-1880-3630-BEC4-80B5E7C2F740}.vs2019_Release|Win32.ActiveCfg = vs2019_Release|Win32
		{B09B10F9-1880-3630-BEC4-80B5E7C2F740}.vs2019_Release|Win32.Build.0 = vs2019_Release|Win32
		{B09B10F9-1880-3630-BEC4-80B5E7C2F740}.vs2019_Release|x64.ActiveCfg = vs2019_Release|x64
		{B09B10F9-1880-3630-BEC4-80B5E7C2F740}.vs2019_Release|x64.Build.0 = vs2019_Release|x64
		{6ED5B8F3-AFC7-37A8-9F57-FCF828D8D89B}.Debug|Win32.ActiveCfg = Debug|Win32
		{6ED5B8F3-AFC7-37A8-9F57-FCF828D8D89B}.Debug|Win32.Build.0 = Debug|Win32
		{6ED5B8F3-AFC7-37A8-9F57-FCF828D8D89B}.Debug|x64.ActiveCfg = Debug|x64
		{6ED5B8F3-AFC7-37A8-9F57-FCF828D8D89B}.Debug|x64.Build.0 = Debug|x64
		{6ED5B8F3-AFC7-37A8-9F57-FCF828D8D89B}.Release|Win32.ActiveCfg = Release|Win32
		{6ED5B8F3-AFC7-37A8-9F57-FCF828D8D89B}.Release|Win32.Build.0 = Release|Win32
		{6ED5B8F3-AFC7-37A8-9F57-FCF828D8D89B}.Release|x64.ActiveCfg = Release|x64
		{6ED5B8F3-AFC7-37A8-9F57-FCF828D8D89B}.Release|x64.Build.0 = Release|x64
		{6ED5B8F3-AFC7-37A8-9F57-FCF828D8D89B}.vs2017_Debug|Win32.ActiveCfg = vs2017_Debug|Win32
		{6ED5B8F3-AFC7-37A8-9F57-FCF828D8D89B}.vs2017_Debug|Win32.Build.0 = vs2017_Debug|Win32
		{6ED5B8F3-AFC7-37A8-9F57-FCF828D8D89B}.vs2017_Debug|x64.ActiveCfg = vs2017_Debug|x64
		{6ED5B8F3-AFC7-37A8-9F57-FCF828D8D89B}.vs2017_Debug|x64.Build.0 = vs2017_Debug|x64
		{6ED5B8F3-AFC7-37A8-9F57-FCF828D8D89B}.vs2017_Release|Win32.ActiveCfg = vs2017_Release|Win32
		{6ED5B8F3-AFC7-37A8-9F57-FCF828D8D89B}.vs2017_Release|Win32.Build.0 = vs2017_Release|Win32
		{6ED5B8F3-AFC7-37A8-9F57-FCF828D8D89B}.vs2017_Release|x64.ActiveCfg = vs2017_Release|x64
		{6ED5B8F3-AFC7-37A8-9F57-FCF828D8D89B}.vs2017_Release|x64.Build.0 = vs2017_Release|x64
		{6ED5B8F3-AFC7-37A8-9F57-FCF828D8D89B}.vs2019_Debug|Win32.ActiveCfg = vs2019_Debug|Win32
		{6ED5B8F3-AFC7-37A8-9F57-FCF828D8D89B}.vs2019_Debug|Win32.Build.0 = vs2019_Debug|Win32
		{6ED5B8F3-AFC7-37A8-9F57-FCF828D8D89B}.vs2019_Debug|x64.ActiveCfg = vs2019_Debug|x64
		{6ED5B8F3-AFC7-37A8-9F57-FCF828D8D89B}.vs2019_Debug|x64.Build.0 = vs2019_Debug|x64
		{6ED5B8F3-AFC7-37A8-9F57-FCF828D8D89B}.vs2019_Release|Win32.ActiveCfg = vs2019_Release|Win32
		{6ED5B8F3-AFC7-37A8-9F57-FCF828D8D89B}.vs2019_Release|Win32.Build.0 = vs2019_Release|Win32
		{6ED5B8F3-AFC7-37A8-9F57-FCF828D8D89B}.vs2019_Release|x64.ActiveCfg = vs2019_Release|x64
		{6ED5B8F3-AFC7-37A8-9F57-FCF828D8D89B}.vs2019_Release|x64.Build.0 = vs2019_Release|x64
		{4DA2C0AB-D56D-32D7-93DB-79311417AD40}.Debug|Win32.ActiveCfg = Debug|Win32
		{4DA2C0AB-D56D-32D7-93DB-79311417AD40}.Debug|Win32.Build.0 = Debug|Win32
		{4DA2C0AB-D56D-32D7-93DB-79311417AD40}.Debug|x64.ActiveCfg = Debug|x64
		{4DA2C0AB-D56D-32D7-93DB-79311417AD40}.Debug|x64.Build.0 = Debug|x64
		{4DA2C0AB-D56D-32D7-93DB-79311417AD40}.Release|Win32.ActiveCfg = Release|Win32
		{4DA2C0AB-D56D-32D7-93DB-79311417AD40}.Release|Win32.Build.0 = Release|Win32
		{4DA2C0AB-D56D-32D7-93DB-79311417AD40}.Release|x64.ActiveCfg = Release|x64
		{4DA2C0AB-D56D-32D7-93DB-79311417AD40}.Release|x64.Build.0 = Release|x64
		{4DA2C0AB-D56D-32D7-93DB-79311417AD40}.vs2017_Debug|Win32.ActiveCfg = vs2017_Debug|Win32
		{4DA2C0AB-D56D-32D7-93DB-79311417AD40}.vs2017_Debug|Win32.Build.0 = vs2017_Debug|Win32
		{4DA2C0AB-D56D-32D7-93DB-79311417AD40}.vs2017_Debug|x64.ActiveCfg = vs2017_Debug|x64
		{4DA2C0AB-D56D-32D7-93DB-79311417AD40}.vs2017_Debug|x64.Build.0 = vs2017_Debug|x64
		{4DA2C0AB-D56D-32D7-93DB-79311417AD40}.vs2017_Release|Win32.ActiveCfg = vs2017_Release|Win32
		{4DA2C0AB-D56D-32D7-93DB-79311417AD40}.vs2017_Release|Win32.Build.0 = vs2017_Release|Win32
		{4DA2C0AB-D56D-32D7-93DB-79311417AD40}.vs2017_Release|x64.ActiveCfg = vs2017_Release|x64
		{4DA2C0AB-D56D-32D7-93DB-79311417AD40}.vs2017_Release|x64.Build.0 = vs2017_Release|x64
		{4DA2C0AB-D56D-32D7-93DB-79311417AD40}.vs2019_Debug|Win32.ActiveCfg = vs2019_Debug|Win32
		{4DA2C0AB-D56D-32D7-93DB-79311417AD40}.vs2019_Debug|Win32.Build.0 = vs2019_Debug|Win32
		{4DA2C0AB-D56D-32D7-93DB-79311417AD40}.vs2019_Debug|x64.ActiveCfg = vs2019_Debug|x64
		{4DA2C0AB-D56D-32D7-93DB-79311417AD40}.vs2019_Debug|x64.Build.0 = vs2019_Debug|x64
		{4DA2C0AB-D56D-32D7-93DB-79311417AD40}.vs2019_Release|Win32.ActiveCfg = vs2019_Release|Win32
		{4DA2C0AB-D56D-32D7-93DB-79311417AD40}.vs2019_Release|Win32.Build.0 = vs2019_Release|Win32
		{4DA2C0AB-D56D-32D7-93DB-79311417AD40}.vs2019_Release|x64.ActiveCfg = vs2019_Release|x64
		{4DA2C0AB-D56D-32D7-93DB-79311417AD40}.vs2019_Release|x64.Build.0 = vs2019_Release|x64
		{7765E4A0-3F77-33DC-9BFF-70634573A5C2}.Debug|Win32.ActiveCfg = Debug|Win32
		{7765E4A0-3F77-33DC-9BFF-70634573A5C2}.Debug|Win32.Build.0 = Debug|Win32
		{7765E4A0-3F77-33DC-9BFF-70634573A5C2}.Debug|x64.ActiveCfg = Debug|x64
		{7765E4A0-3F77-33DC-9BFF-70634573A5C2}.Debug|x64.Build.0 = Debug|x64
		{7765E4A0-3F77-33DC-9BFF-70634573A5C2}.Release|Win32.ActiveCfg = Release|Win32
		{7765E4A0-3F77-33DC-9BFF-70634573A5C2}.Release|Win32.Build.0 = Release|Win32
		{7765E4A0-3F77-33DC-9BFF-70634573A5C2}.Release|x64.ActiveCfg = Release|x64
		{7765E4A0-3F77-33DC-9BFF-70634573A5C2}.Release|x64.Build.0 = Release|x64
		{7765E4A0-3F77-33DC-9BFF-70634573A5C2}.vs2017_Debug|Win32.ActiveCfg = vs2017_Debug|Win32
		{7765E4A0-3F77-33DC-9BFF-70634573A5C2}.vs2017_Debug|Win32.Build.0 = vs2017_Debug|Win32
		{7765E4A0-3F77-33DC-9BFF-70634573A5C2}.vs2017_Debug|x64.ActiveCfg = vs2017_Debug|x64
		{7765E4A0-3F77-33DC-9BFF-70634573A5C2}.vs2017_Debug|x64.Build.0 = vs2017_Debug|x64
		{7765E4A0-3F77-33DC-9BFF-70634573A5C2}.vs2017_Release|Win32.ActiveCfg = vs2017_Release|Win32
		{7765E4A0-3F77-33DC-9BFF-70634573A5C2}.vs2017_Release|Win32.Build.0 = vs2017_Release|Win32
		{7765E4A0-3F77-33DC-9BFF-70634573A5C2}.vs2017_Release|x64.ActiveCfg = vs2017_Release|x64
		{7765E4A0-3F77-33DC-9BFF-70634573A5C2}.vs2017_Release|x64.Build.0 = vs2017_Release|x64
		{7765E4A0-3F77-33DC-9BFF-70634573A5C2}.vs2019_Debug|Win32.ActiveCfg = vs2019_Debug|Win32
		{7765E4A0-3F77-33DC-9BFF-70634573A5C2}.vs2019_Debug|Win32.Build.0 = vs2019_Debug|Win32
		{7765E4A0-3F77-33DC-9BFF-70634573A5C2}.vs2019_Debug|x64.ActiveCfg = vs2019_Debug|x64
		{7765E4A0-3F77-33DC-9BFF-70634573A5C2}.vs2019_Debug|x64.Build.0 = vs2019_Debug|x64
		{7765E4A0-3F77-33DC-9BFF-70634573A5C2}.vs2019_Release|Win32.ActiveCfg = vs2019_Release|Win32
		{7765E4A0-3F77-33DC-9BFF-70634573A5C2}.vs2019_Release|Win32.Build.0 = vs2019_Release|Win32
		{7765E4A0-3F77-33DC-9BFF-70634573A5C2}.vs2019_Release|x64.ActiveCfg = vs2019_Release|x64
		{7765E4A0-3F77-33DC-9BFF-70634573A5C2}.vs2019_Release|x64.Build.0 = vs2019_Release|x64
		{21696FC5-67DD-3F28-B894-159FD9C613CB}.Debug|Win32.ActiveCfg = Debug|Win32
		{21696FC5-67DD-3F28-B894-159FD9C613CB}.Debug|Win32.Build.0 = Debug|Win32
		{21696FC5-67DD-3F28-B894-159FD9C613CB}.Debug|x64.ActiveCfg = Debug|x64
		{21696FC5-67DD-3F28-B894-159FD9C613CB}.Debug|x64.Build.0 = Debug|x64
		{21696FC5-67DD-3F28-B894-159FD9C613CB}.Release|Win32.ActiveCfg = Release|Win32
		{21696FC5-67DD-3F28-B894-159FD9C613CB}.Release|Win32.Build.0 = Release|Win32
		{21696FC5-67DD-3F28-B894-159FD9C613CB}.Release|x64.ActiveCfg = Release|x64
		{21696FC5-67DD-3F28-B894-159FD9C613CB}.Release|x64.Build.0 = Release|x64
		{21696FC5-67DD-3F28-B894-159FD9C613CB}.vs2017_Debug|Win32.ActiveCfg = vs2017_Debug|Win32
		{21696FC5-67DD-3F28-B894-159FD9C613CB}.vs2017_Debug|Win32.Build.0 = vs2017_Debug|Win32
		{21696FC5-67DD-3F28-B894-159FD9C613CB}.vs2017_Debug|x64.ActiveCfg = vs2017_Debug|x64
		{21696FC5-67DD-3F28-B894-159FD9C613CB}.vs2017_Debug|x64.Build.0 = vs2017_Debug|x64
		{21696FC5-67DD-3F28-B894-159FD9C613CB}.vs2017_Release|Win32.ActiveCfg = vs2017_Release|Win32
		{21696FC5-67DD-3F28-B894-159FD9C613CB}.vs2017_Release|Win32.Build.0 = vs2017_Release|Win32
		{21696FC5-67DD-3F28-B894-159FD9C613CB}.vs2017_Release|x64.ActiveCfg = vs2017_Release|x64
		{21696FC5-67DD-3F28-B894-159FD9C613CB}.vs2017_Release|x64.Build.0 = vs2017_Release|x64
		{21696FC5-67DD-3F28-B894-159FD9C613CB}.vs2019_Debug|Win32.ActiveCfg = vs2019_Debug|Win32
		{21696FC5-67DD-3F28-B894-159FD9C613CB}.vs2019_Debug|Win32.Build.0 = vs2019_Debug|Win32
		{21696FC5-67DD-3F28-B894-159FD9C613CB}.vs2019_Debug|x64.ActiveCfg = vs2019_Debug|x64
		{21696FC5-67DD-3F28-B894-159FD9C613CB}.vs2019_Debug|x64.Build.0 = vs2019_Debug|x64
		{21696FC5-67DD-3F28-B894-159FD9C613CB}.vs2019_Release|Win32.ActiveCfg = vs2019_Release|Win32
		{21696FC5-67DD-3F28-B894-159FD9C613CB}.vs2019_Release|Win32.Build.0 = vs2019_Release|Win32
		{21696FC5-67DD-3F28-B894-159FD9C613CB}.vs2019_Release|x64.ActiveCfg = vs2019_Release|x64
		{21696FC5-67DD-3F28-B894-159FD9C613CB}.vs2019_Release|x64.Build.0 = vs2019_Release|x64
		{3115CD95-983D-3D96-83FA-6DB7FF0B3211}.Debug|Win32.ActiveCfg = Debug|Win32
		{3115CD95-983D-3D96-83FA-6DB7FF0B3211}.Debug|Win32.Build.0 = Debug|Win32
		{3115CD95-983D-3D96-83FA-6DB7FF0B3211}.Debug|x64.ActiveCfg = Debug|x64
		{3115CD95-983D-3D96-83FA-6DB7FF0B3211}.Debug|x64.Build.0 = Debug|x64
		{3115CD95-983D-3D96-83FA-6DB7FF0B3211}.Release|Win32.ActiveCfg = Release|Win32
		{3115CD95-983D-3D96-83FA-6DB7FF0B3211}.Release|Win32.Build.0 = Release|Win32
		{3115CD95-983D-3D96-83FA-6DB7FF0B3211}.Release|x64.ActiveCfg = Release|x64
		{3115CD95-983D-3D96-83FA-6DB7FF0B3211}.Release|x64.Build.0 = Release|x64
		{3115CD95-983D-3D96-83FA-6DB7FF0B3211}.vs2017_Debug|Win32.ActiveCfg = vs2017_Debug|Win32
		{3115CD95-983D-3D96-83FA-6DB7FF0B3211}.vs2017_Debug|Win32.Build.0 = vs2017_Debug|Win32
		{3115CD95-983D-3D96-83FA-6DB7FF0B3211}.vs2017_Debug|x64.ActiveCfg = vs2017_Debug|x64
		{3115CD95-983D-3D96-83FA-6DB7FF0B3211}.vs2017_Debug|x64.Build.0 = vs2017_Debug|x64
		{3115CD95-983D-3D96-83FA-6DB7FF0B3211}.vs2017_Release|Win32.ActiveCfg = vs2017_Release|Win32
		{3115CD95-983D-3D96-83FA-6DB7FF0B3211}.vs2017_Release|Win32.Build.0 = vs2017_Release|Win32
		{3115CD95-983D-3D96-83FA-6DB7FF0B3211}.vs2017_Release|x64.ActiveCfg = vs2017_Release|x64
		{3115CD95-983D-3D96-83FA-6DB7FF0B3211}.vs2017_Release|x64.Build.0 = vs2017_Release|x64
		{3115CD95-983D-3D96-83FA-6DB7FF0B3211}.vs2019_Debug|Win32.ActiveCfg = vs2019_Debug|Win32
		{3115CD95-983D-3D96-83FA-6DB7FF0B3211}.vs2019_Debug|Win32.Build.0 = vs2019_Debug|Win32
		{3115CD95-983D-3D96-83FA-6DB7FF0B3211}.vs2019_Debug|x64.ActiveCfg = vs2019_Debug|x64
		{3115CD95-983D-3D96-83FA-6DB7FF0B3211}.vs2019_Debug|x64.Build.0 = vs2019_Debug|x64
		{3115CD95-983D-3D96-83FA-6DB7FF0B3211}.vs2019_Release|Win32.ActiveCfg = vs2019_Release|Win32
		{3115CD95-983D-3D96-83FA-6DB7FF0B3211}.vs2019_Release|Win32.Build.0 = vs2019_Release|Win32
		{3115CD95-983D-3D96-83FA-6DB7FF0B3211}.vs2019_Release|x64.ActiveCfg = vs2019_Release|x64
		{3115CD95-983D-3D96-83FA-6DB7FF0B3211}.vs2019_Release|x64.Build.0 = vs2019_Release|x64
		{26CF04A1-BEE3-3FEB-B500-566509AEBB39}.Debug|Win32.ActiveCfg = Debug|Win32
		{26CF04A1-BEE3-3FEB-B500-566509AEBB39}.Debug|Win32.Build.0 = Debug|Win32
		{26CF04A1-BEE3-3FEB-B500-566509AEBB39}.Debug|x64.ActiveCfg = Debug|x64
		{26CF04A1-BEE3-3FEB-B500-566509AEBB39}.Debug|x64.Build.0 = Debug|x64
		{26CF04A1-BEE3-3FEB-B500-566509AEBB39}.Release|Win32.ActiveCfg = Release|Win32
		{26CF04A1-BEE3-3FEB-B500-566509AEBB39}.Release|Win32.Build.0 = Release|Win32
		{26CF04A1-BEE3-3FEB-B500-566509AEBB39}.Release|x64.ActiveCfg = Release|x64
		{26CF04A1-BEE3-3FEB-B500-566509AEBB39}.Release|x64.Build.0 = Release|x64
		{26CF04A1-BEE3-3FEB-B500-566509AEBB39}.vs2017_Debug|Win32.ActiveCfg = vs2017_Debug|Win32
		{26CF04A1-BEE3-3FEB-B500-566509AEBB39}.vs2017_Debug|Win32.Build.0 = vs2017_Debug|Win32
		{26CF04A1-BEE3-3FEB-B500-566509AEBB39}.vs2017_Debug|x64.ActiveCfg = vs2017_Debug|x64
		{26CF04A1-BEE3-3FEB-B500-566509AEBB39}.vs2017_Debug|x64.Build.0 = vs2017_Debug|x64
		{26CF04A1-BEE3-3FEB-B500-566509AEBB39}.vs2017_Release|Win32.ActiveCfg = vs2017_Release|Win32
		{26CF04A1-BEE3-3FEB-B500-566509AEBB39}.vs2017_Release|Win32.Build.0 = vs2017_Release|Win32
		{26CF04A1-BEE3-3FEB-B500-566509AEBB39}.vs2017_Release|x64.ActiveCfg = vs2017_Release|x64
		{26CF04A1-BEE3-3FEB-B500-566509AEBB39}.vs2017_Release|x64.Build.0 = vs2017_Release|x64
		{26CF04A1-BEE3-3FEB-B500-566509AEBB39}.vs2019_Debug|Win32.ActiveCfg = vs2019_Debug|Win32
		{26CF04A1-BEE3-3FEB-B500-566509AEBB39}.vs2019_Debug|Win32.Build.0 = vs2019_Debug|Win32
		{26CF04A1-BEE3-3FEB-B500-566509AEBB39}.vs2019_Debug|x64.ActiveCfg = vs2019_Debug|x64
		{26CF04A1-BEE3-3FEB-B500-566509AEBB39}.vs2019_Debug|x64.Build.0 = vs2019_Debug|x64
		{26CF04A1-BEE3-3FEB-B500-566509AEBB39}.vs2019_Release|Win32.ActiveCfg = vs2019_Release|Win32
		{26CF04A1-BEE3-3FEB-B500-566509AEBB39}.vs2019_Release|Win32.Build.0 = vs2019_Release|Win32
		{26CF04A1-BEE3-3FEB-B500-566509AEBB39}.vs2019_Release|x64.ActiveCfg = vs2019_Release|x64
		{26CF04A1-BEE3-3FEB-B500-566509AEBB39}.vs2019_Release|x64.Build.0 = vs2019_Release|x64
		{B0858102-84BD-309A-B5CB-A7B455B478CF}.Debug|Win32.ActiveCfg = Debug|Win32
		{B0858102-84BD-309A-B5CB-A7B455B478CF}.Debug|Win32.Build.0 = Debug|Win32
		{B0858102-84BD-309A-B5CB-A7B455B478CF}.Debug|x64.ActiveCfg = Debug|x64
		{B0858102-84BD-309A-B5CB-A7B455B478CF}.Debug|x64.Build.0 = Debug|x64
		{B0858102-84BD-309A-B5CB-A7B455B478CF}.Release|Win32.ActiveCfg = Release|Win32
		{B0858102-84BD-309A-B5CB-A7B455B478CF}.Release|Win32.Build.0 = Release|Win32
		{B0858102-84BD-309A-B5CB-A7B455B478CF}.Release|x64.ActiveCfg = Release|x64
		{B0858102-84BD-309A-B5CB-A7B455B478CF}.Release|x64.Build.0 = Release|x64
		{B0858102-84BD-309A-B5CB-A7B455B478CF}.vs2017_Debug|Win32.ActiveCfg = vs2017_Debug|Win32
		{B0858102-84BD-309A-B5CB-A7B455B478CF}.vs2017_Debug|Win32.Build.0 = vs2017_Debug|Win32
		{B0858102-84BD-309A-B5CB-A7B455B478CF}.vs2017_Debug|x64.ActiveCfg = vs2017_Debug|x64
		{B0858102-84BD-309A-B5CB-A7B455B478CF}.vs2017_Debug|x64.Build.0 = vs2017_Debug|x64
		{B0858102-84BD-309A-B5CB-A7B455B478CF}.vs2017_Release|Win32.ActiveCfg = vs2017_Release|Win32
		{B0858102-84BD-309A-B5CB-A7B455B478CF}.vs2017_Release|Win32.Build.0 = vs2017_Release|Win32
		{B0858102-84BD-309A-B5CB-A7B455B478CF}.vs2017_Release|x64.ActiveCfg = vs2017_Release|x64
		{B0858102-84BD-309A-B5CB-A7B455B478CF}.vs2017_Release|x64.Build.0 = vs2017_Release|x64
		{B0858102-84BD-309A-B5CB-A7B455B478CF}.vs2019_Debug|Win32.ActiveCfg = vs2019_Debug|Win32
		{B0858102-84BD-309A-B5CB-A7B455B478CF}.vs2019_Debug|Win32.Build.0 = vs2019_Debug|Win32
		{B0858102-84BD-309A-B5CB-A7B455B478CF}.vs2019_Debug|x64.ActiveCfg = vs2019_Debug|x64
		{B0858102-84BD-309A-B5CB-A7B455B478CF}.vs2019_Debug|x64.Build.0 = vs2019_Debug|x64
		{B0858102-84BD-309A-B5CB-A7B455B478CF}.vs2019_Release|Win32.ActiveCfg = vs2019_Release|Win32
		{B0858102-84BD-309A-B5CB-A7B455B478CF}.vs2019_Release|Win32.Build.0 = vs2019_Release|Win32
		{B0858102-84BD-309A-B5CB-A7B455B478CF}.vs2019_Release|x64.ActiveCfg = vs2019_Release|x64
		{B0858102-84BD-309A-B5CB-A7B455B478CF}.vs2019_Release|x64.Build.0 = vs2019_Release|x64
		{23D9D263-B406-363A-B2D7-16155582B466}.Debug|Win32.ActiveCfg = Debug|Win32
		{23D9D263-B406-363A-B2D7-16155582B466}.Debug|Win32.Build.0 = Debug|Win32
		{23D9D263-B406-363A-B2D7-16155582B466}.Debug|x64.ActiveCfg = Debug|x64
		{23D9D263-B406-363A-B2D7-16155582B466}.Debug|x64.Build.0 = Debug|x64
		{23D9D263-B406-363A-B2D7-16155582B466}.Release|Win32.ActiveCfg = Release|Win32
		{23D9D263-B406-363A-B2D7-16155582B466}.Release|Win32.Build.0 = Release|Win32
		{23D9D263-B406-363A-B2D7-16155582B466}.Release|x64.ActiveCfg = Release|x64
		{23D9D263-B406-363A-B2D7-16155582B466}.Release|x64.Build.0 = Release|x64
		{23D9D263-B406-363A-B2D7-16155582B466}.vs2017_Debug|Win32.ActiveCfg = vs2017_Debug|Win32
		{23D9D263-B406-363A-B2D7-16155582B466}.vs2017_Debug|Win32.Build.0 = vs2017_Debug|Win32
		{23D9D263-B406-363A-B2D7-16155582B466}.vs2017_Debug|x64.ActiveCfg = vs2017_Debug|x64
		{23D9D263-B406-363A-B2D7-16155582B466}.vs2017_Debug|x64.Build.0 = vs2017_Debug|x64
		{23D9D263-B406-363A-B2D7-16155582B466}.vs2017_Release|Win32.ActiveCfg = vs2017_Release|Win32
		{23D9D263-B406-363A-B2D7-16155582B466}.vs2017_Release|Win32.Build.0 = vs2017_Release|Win32
		{23D9D263-B406-363A-B2D7-16155582B466}.vs2017_Release|x64.ActiveCfg = vs2017_Release|x64
		{23D9D263-B406-363A-B2D7-16155582B466}.vs2017_Release|x64.Build.0 = vs2017_Release|x64
		{23D9D263-B406-363A-B2D7-16155582B466}.vs2019_Debug|Win32.ActiveCfg = vs2019_Debug|Win32
		{23D9D263-B406-363A-B2D7-16155582B466}.vs2019_Debug|Win32.Build.0 = vs2019_Debug|Win32
		{23D9D263-B406-363A-B2D7-16155582B466}.vs2019_Debug|x64.ActiveCfg = vs2019_Debug|x64
		{23D9D263-B406-363A-B2D7-16155582B466}.vs2019_Debug|x64.Build.0 = vs2019_Debug|x64
		{23D9D263-B406-363A-B2D7-16155582B466}.vs2019_Release|Win32.ActiveCfg = vs2019_Release|Win32
		{23D9D263-B406-363A-B2D7-16155582B466}.vs2019_Release|Win32.Build.0 = vs2019_Release|Win32
		{23D9D263-B406-363A-B2D7-16155582B466}.vs2019_Release|x64.ActiveCfg = vs2019_Release|x64
		{23D9D263-B406-363A-B2D7-16155582B466}.vs2019_Release|x64.Build.0 = vs2019_Release|x64
		{705BE3D1-1BB2-3E2D-8EEF-FDEFEE85E9C1}.Debug|Win32.ActiveCfg = Debug|Win32
		{705BE3D1-1BB2-3E2D-8EEF-FDEFEE85E9C1}.Debug|Win32.Build.0 = Debug|Win32
		{705BE3D1-1BB2-3E2D-8EEF-FDEFEE85E9C1}.Debug|x64.ActiveCfg = Debug|x64
		{705BE3D1-1BB2-3E2D-8EEF-FDEFEE85E9C1}.Debug|x64.Build.0 = Debug|x64
		{705BE3D1-1BB2-3E2D-8EEF-FDEFEE85E9C1}.Release|Win32.ActiveCfg = Release|Win32
		{705BE3D1-1BB2-3E2D-8EEF-FDEFEE85E9C1}.Release|Win32.Build.0 = Release|Win32
		{705BE3D1-1BB2-3E2D-8EEF-FDEFEE85E9C1}.Release|x64.ActiveCfg = Release|x64
		{705BE3D1-1BB2-3E2D-8EEF-FDEFEE85E9C1}.Release|x64.Build.0 = Release|x64
		{705BE3D1-1BB2-3E2D-8EEF-FDEFEE85E9C1}.vs2017_Debug|Win32.ActiveCfg = vs2017_Debug|Win32
		{705BE3D1-1BB2-3E2D-8EEF-FDEFEE85E9C1}.vs2017_Debug|Win32.Build.0 = vs2017_Debug|Win32
		{705BE3D1-1BB2-3E2D-8EEF-FDEFEE85E9C1}.vs2017_Debug|x64.ActiveCfg = vs2017_Debug|x64
		{705BE3D1-1BB2-3E2D-8EEF-FDEFEE85E9C1}.vs2017_Debug|x64.Build.0 = vs2017_Debug|x64
		{705BE3D1-1BB2-3E2D-8EEF-FDEFEE85E9C1}.vs2017_Release|Win32.ActiveCfg = vs2017_Release|Win32
		{705BE3D1-1BB2-3E2D-8EEF-FDEFEE85E9C1}.vs2017_Release|Win32.Build.0 = vs2017_Release|Win32
		{705BE3D1-1BB2-3E2D-8EEF-FDEFEE85E9C1}.vs2017_Release|x64.ActiveCfg = vs2017_Release|x64
		{705BE3D1-1BB2-3E2D-8EEF-FDEFEE85E9C1}.vs2017_Release|x64.Build.0 = vs2017_Release|x64
		{705BE3D1-1BB2-3E2D-8EEF-FDEFEE85E9C1}.vs2019_Debug|Win32.ActiveCfg = vs2019_Debug|Win32
		{705BE3D1-1BB2-3E2D-8EEF-FDEFEE85E9C1}.vs2019_Debug|Win32.Build.0 = vs2019_Debug|Win32
		{705BE3D1-1BB2-3E2D-8EEF-FDEFEE85E9C1}.vs2019_Debug|x64.ActiveCfg = vs2019_Debug|x64
		{705BE3D1-1BB2-3E2D-8EEF-FDEFEE85E9C1}.vs2019_Debug|x64.Build.0 = vs2019_Debug|x64
		{705BE3D1-1BB2-3E2D-8EEF-FDEFEE85E9C1}.vs2019_Release|Win32.ActiveCfg = vs2019_Release|Win32
		{705BE3D1-1BB2-3E2D-8EEF-FDEFEE85E9C1}.vs2019_Release|Win32.Build.0 = vs2019_Release|Win32
		{705BE3D1-1BB2-3E2D-8EEF-FDEFEE85E9C1}.vs2019_Release|x64.ActiveCfg = vs2019_Release|x64
		{705BE3D1-1BB2-3E2D-8EEF-FDEFEE85E9C1}.vs2019_Release|x64.Build.0 = vs2019_Release|x64
		{39A41D6F-3F71-3A39-BDD9-327711A7BAAA}.Debug|Win32.ActiveCfg = Debug|Win32
		{39A41D6F-3F71-3A39-BDD9-327711A7BAAA}.Debug|Win32.Build.0 = Debug|Win32
		{39A41D6F-3F71-3A39-BDD9-327711A7BAAA}.Debug|x64.ActiveCfg = Debug|x64
		{39A41D6F-3F71-3A39-BDD9-327711A7BAAA}.Debug|x64.Build.0 = Debug|x64
		{39A41D6F-3F71-3A39-BDD9-327711A7BAAA}.Release|Win32.ActiveCfg = Release|Win32
		{39A41D6F-3F71-3A39-BDD9-327711A7BAAA}.Release|Win32.Build.0 = Release|Win32
		{39A41D6F-3F71-3A39-BDD9-327711A7BAAA}.Release|x64.ActiveCfg = Release|x64
		{39A41D6F-3F71-3A39-BDD9-327711A7BAAA}.Release|x64.Build.0 = Release|x64
		{39A41D6F-3F71-3A39-BDD9-327711A7BAAA}.vs2017_Debug|Win32.ActiveCfg = vs2017_Debug|Win32
		{39A41D6F-3F71-3A39-BDD9-327711A7BAAA}.vs2017_Debug|Win32.Build.0 = vs2017_Debug|Win32
		{39A41D6F-3F71-3A39-BDD9-327711A7BAAA}.vs2017_Debug|x64.ActiveCfg = vs2017_Debug|x64
		{39A41D6F-3F71-3A39-BDD9-327711A7BAAA}.vs2017_Debug|x64.Build.0 = vs2017_Debug|x64
		{39A41D6F-3F71-3A39-BDD9-327711A7BAAA}.vs2017_Release|Win32.ActiveCfg = vs2017_Release|Win32
		{39A41D6F-3F71-3A39-BDD9-327711A7BAAA}.vs2017_Release|Win32.Build.0 = vs2017_Release|Win32
		{39A41D6F-3F71-3A39-BDD9-327711A7BAAA}.vs2017_Release|x64.ActiveCfg = vs2017_Release|x64
		{39A41D6F-3F71-3A39-BDD9-327711A7BAAA}.vs2017_Release|x64.Build.0 = vs2017_Release|x64
		{39A41D6F-3F71-3A39-BDD9-327711A7BAAA}.vs2019_Debug|Win32.ActiveCfg = vs2019_Debug|Win32
		{39A41D6F-3F71-3A39-BDD9-327711A7BAAA}.vs2019_Debug|Win32.Build.0 = vs2019_Debug|Win32
		{39A41D6F-3F71-3A39-BDD9-327711A7BAAA}.vs2019_Debug|x64.ActiveCfg = vs2019_Debug|x64
		{39A41D6F-3F71-3A39-BDD9-327711A7BAAA}.vs2019_Debug|x64.Build.0 = vs2019_Debug|x64
		{39A41D6F-3F71-3A39-BDD9-327711A7BAAA}.vs2019_Release|Win32.ActiveCfg = vs2019_Release|Win32
		{39A41D6F-3F71-3A39-BDD9-327711A7BAAA}.vs2019_Release|Win32.Build.0 = vs2019_Release|Win32
		{39A41D6F-3F71-3A39-BDD9-327711A7BAAA}.vs2019_Release|x64.ActiveCfg = vs2019_Release|x64
		{39A41D6F-3F71-3A39-BDD9-327711A7BAAA}.vs2019_Release|x64.Build.0 = vs2019_Release|x64
		{E21E77E5-474C-3E88-A0A8-20AA5510E86E}.Debug|Win32.ActiveCfg = Debug|Win32
		{E21E77E5-474C-3E88-A0A8-20AA5510E86E}.Debug|Win32.Build.0 = Debug|Win32
		{E21E77E5-474C-3E88-A0A8-20AA5510E86E}.Debug|x64.ActiveCfg = Debug|x64
		{E21E77E5-474C-3E88-A0A8-20AA5510E86E}.Debug|x64.Build.0 = Debug|x64
		{E21E77E5-474C-3E88-A0A8-20AA5510E86E}.Release|Win32.ActiveCfg = Release|Win32
		{E21E77E5-474C-3E88-A0A8-20AA5510E86E}.Release|Win32.Build.0 = Release|Win32
		{E21E77E5-474C-3E88-A0A8-20AA5510E86E}.Release|x64.ActiveCfg = Release|x64
		{E21E77E5-474C-3E88-A0A8-20AA5510E86E}.Release|x64.Build.0 = Release|x64
		{E21E77E5-474C-3E88-A0A8-20AA5510E86E}.vs2017_Debug|Win32.ActiveCfg = vs2017_Debug|Win32
		{E21E77E5-474C-3E88-A0A8-20AA5510E86E}.vs2017_Debug|Win32.Build.0 = vs2017_Debug|Win32
		{E21E77E5-474C-3E88-A0A8-20AA5510E86E}.vs2017_Debug|x64.ActiveCfg = vs2017_Debug|x64
		{E21E77E5-474C-3E88-A0A8-20AA5510E86E}.vs2017_Debug|x64.Build.0 = vs2017_Debug|x64
		{E21E77E5-474C-3E88-A0A8-20AA5510E86E}.vs2017_Release|Win32.ActiveCfg = vs2017_Release|Win32
		{E21E77E5-474C-3E88-A0A8-20AA5510E86E}.vs2017_Release|Win32.Build.0 = vs2017_Release|Win32
		{E21E77E5-474C-3E88-A0A8-20AA5510E86E}.vs2017_Release|x64.ActiveCfg = vs2017_Release|x64
		{E21E77E5-474C-3E88-A0A8-20AA5510E86E}.vs2017_Release|x64.Build.0 = vs2017_Release|x64
		{E21E77E5-474C-3E88-A0A8-20AA5510E86E}.vs2019_Debug|Win32.ActiveCfg = vs2019_Debug|Win32
		{E21E77E5-474C-3E88-A0A8-20AA5510E86E}.vs2019_Debug|Win32.Build.0 = vs2019_Debug|Win32
		{E21E77E5-474C-3E88-A0A8-20AA5510E86E}.vs2019_Debug|x64.ActiveCfg = vs2019_Debug|x64
		{E21E77E5-474C-3E88-A0A8-20AA5510E86E}.vs2019_Debug|x64.Build.0 = vs2019_Debug|x64
		{E21E77E5-474C-3E88-A0A8-20AA5510E86E}.vs2019_Release|Win32.ActiveCfg = vs2019_Release|Win32
		{E21E77E5-474C-3E88-A0A8-20AA5510E86E}.vs2019_Release|Win32.Build.0 = vs2019_Release|Win32
		{E21E77E5-474C-3E88-A0A8-20AA5510E86E}.vs2019_Release|x64.ActiveCfg = vs2019_Release|x64
		{E21E77E5-474C-3E88-A0A8-20AA5510E86E}.vs2019_Release|x64.Build.0 = vs2019_Release|x64
		{C7CD4113-53DA-33AA-B68C-7D34F93D9E4B}.Debug|Win32.ActiveCfg = Debug|Win32
		{C7CD4113-53DA-33AA-B68C-7D34F93D9E4B}.Debug|Win32.Build.0 = Debug|Win32
		{C7CD4113-53DA-33AA-B68C-7D34F93D9E4B}.Debug|x64.ActiveCfg = Debug|x64
		{C7CD4113-53DA-33AA-B68C-7D34F93D9E4B}.Debug|x64.Build.0 = Debug|x64
		{C7CD4113-53DA-33AA-B68C-7D34F93D9E4B}.Release|Win32.ActiveCfg = Release|Win32
		{C7CD4113-53DA-33AA-B68C-7D34F93D9E4B}.Release|Win32.Build.0 = Release|Win32
		{C7CD4113-53DA-33AA-B68C-7D34F93D9E4B}.Release|x64.ActiveCfg = Release|x64
		{C7CD4113-53DA-33AA-B68C-7D34F93D9E4B}.Release|x64.Build.0 = Release|x64
		{C7CD4113-53DA-33AA-B68C-7D34F93D9E4B}.vs2017_Debug|Win32.ActiveCfg = vs2017_Debug|Win32
		{C7CD4113-53DA-33AA-B68C-7D34F93D9E4B}.vs2017_Debug|Win32.Build.0 = vs2017_Debug|Win32
		{C7CD4113-53DA-33AA-B68C-7D34F93D9E4B}.vs2017_Debug|x64.ActiveCfg = vs2017_Debug|x64
		{C7CD4113-53DA-33AA-B68C-7D34F93D9E4B}.vs2017_Debug|x64.Build.0 = vs2017_Debug|x64
		{C7CD4113-53DA-33AA-B68C-7D34F93D9E4B}.vs2017_Release|Win32.ActiveCfg = vs2017_Release|Win32
		{C7CD4113-53DA-33AA-B68C-7D34F93D9E4B}.vs2017_Release|Win32.Build.0 = vs2017_Release|Win32
		{C7CD4113-53DA-33AA-B68C-7D34F93D9E4B}.vs2017_Release|x64.ActiveCfg = vs2017_Release|x64
		{C7CD4113-53DA-33AA-B68C-7D34F93D9E4B}.vs2017_Release|x64.Build.0 = vs2017_Release|x64
		{C7CD4113-53DA-33AA-B68C-7D34F93D9E4B}.vs2019_Debug|Win32.ActiveCfg = vs2019_Debug|Win32
		{C7CD4113-53DA-33AA-B68C-7D34F93D9E4B}.vs2019_Debug|Win32.Build.0 = vs2019_Debug|Win32
		{C7CD4113-53DA-33AA-B68C-7D34F93D9E4B}.vs2019_Debug|x64.ActiveCfg = vs2019_Debug|x64
		{C7CD4113-53DA-33AA-B68C-7D34F93D9E4B}.vs2019_Debug|x64.Build.0 = vs2019_Debug|x64
		{C7CD4113-53DA-33AA-B68C-7D34F93D9E4B}.vs2019_Release|Win32.ActiveCfg = vs2019_Release|Win32
		{C7CD4113-53DA-33AA-B68C-7D34F93D9E4B}.vs2019_Release|Win32.Build.0 = vs2019_Release|Win32
		{C7CD4113-53DA-33AA-B68C-7D34F93D9E4B}.vs2019_Release|x64.ActiveCfg = vs2019_Release|x64
		{C7CD4113-53DA-33AA-B68C-7D34F93D9E4B}.vs2019_Release|x64.Build.0 = vs2019_Release|x64
		{75C4625B-B21F-3D52-829E-B7F44A4795A7}.Debug|Win32.ActiveCfg = Debug|Win32
		{75C4625B-B21F-3D52-829E-B7F44A4795A7}.Debug|Win32.Build.0 = Debug|Win32
		{75C4625B-B21F-3D52-829E-B7F44A4795A7}.Debug|x64.ActiveCfg = Debug|x64
		{75C4625B-B21F-3D52-829E-B7F44A4795A7}.Debug|x64.Build.0 = Debug|x64
		{75C4625B-B21F-3D52-829E-B7F44A4795A7}.Release|Win32.ActiveCfg = Release|Win32
		{75C4625B-B21F-3D52-829E-B7F44A4795A7}.Release|Win32.Build.0 = Release|Win32
		{75C4625B-B21F-3D52-829E-B7F44A4795A7}.Release|x64.ActiveCfg = Release|x64
		{75C4625B-B21F-3D52-829E-B7F44A4795A7}.Release|x64.Build.0 = Release|x64
		{75C4625B-B21F-3D52-829E-B7F44A4795A7}.vs2017_Debug|Win32.ActiveCfg = vs2017_Debug|Win32
		{75C4625B-B21F-3D52-829E-B7F44A4795A7}.vs2017_Debug|Win32.Build.0 = vs2017_Debug|Win32
		{75C4625B-B21F-3D52-829E-B7F44A4795A7}.vs2017_Debug|x64.ActiveCfg = vs2017_Debug|x64
		{75C4625B-B21F-3D52-829E-B7F44A4795A7}.vs2017_Debug|x64.Build.0 = vs2017_Debug|x64
		{75C4625B-B21F-3D52-829E-B7F44A4795A7}.vs2017_Release|Win32.ActiveCfg = vs2017_Release|Win32
		{75C4625B-B21F-3D52-829E-B7F44A4795A7}.vs2017_Release|Win32.Build.0 = vs2017_Release|Win32
		{75C4625B-B21F-3D52-829E-B7F44A4795A7}.vs2017_Release|x64.ActiveCfg = vs2017_Release|x64
		{75C4625B-B21F-3D52-829E-B7F44A4795A7}.vs2017_Release|x64.Build.0 = vs2017_Release|x64
		{75C4625B-B21F-3D52-829E-B7F44A4795A7}.vs2019_Debug|Win32.ActiveCfg = vs2019_Debug|Win32
		{75C4625B-B21F-3D52-829E-B7F44A4795A7}.vs2019_Debug|Win32.Build.0 = vs2019_Debug|Win32
		{75C4625B-B21F-3D52-829E-B7F44A4795A7}.vs2019_Debug|x64.ActiveCfg = vs2019_Debug|x64
		{75C4625B-B21F-3D52-829E-B7F44A4795A7}.vs2019_Debug|x64.Build.0 = vs2019_Debug|x64
		{75C4625B-B21F-3D52-829E-B7F44A4795A7}.vs2019_Release|Win32.ActiveCfg = vs2019_Release|Win32
		{75C4625B-B21F-3D52-829E-B7F44A4795A7}.vs2019_Release|Win32.Build.0 = vs2019_Release|Win32
		{75C4625B-B21F-3D52-829E-B7F44A4795A7}.vs2019_Release|x64.ActiveCfg = vs2019_Release|x64
		{75C4625B-B21F-3D52-829E-B7F44A4795A7}.vs2019_Release|x64.Build.0 = vs2019_Release|x64
		{E00D8055-52FE-33D4-96EC-FBEB6CE9DCB0}.Debug|Win32.ActiveCfg = Debug|Win32
		{E00D8055-52FE-33D4-96EC-FBEB6CE9DCB0}.Debug|Win32.Build.0 = Debug|Win32
		{E00D8055-52FE-33D4-96EC-FBEB6CE9DCB0}.Debug|x64.ActiveCfg = Debug|x64
		{E00D8055-52FE-33D4-96EC-FBEB6CE9DCB0}.Debug|x64.Build.0 = Debug|x64
		{E00D8055-52FE-33D4-96EC-FBEB6CE9DCB0}.Release|Win32.ActiveCfg = Release|Win32
		{E00D8055-52FE-33D4-96EC-FBEB6CE9DCB0}.Release|Win32.Build.0 = Release|Win32
		{E00D8055-52FE-33D4-96EC-FBEB6CE9DCB0}.Release|x64.ActiveCfg = Release|x64
		{E00D8055-52FE-33D4-96EC-FBEB6CE9DCB0}.Release|x64.Build.0 = Release|x64
		{E00D8055-52FE-33D4-96EC-FBEB6CE9DCB0}.vs2017_Debug|Win32.ActiveCfg = vs2017_Debug|Win32
		{E00D8055-52FE-33D4-96EC-FBEB6CE9DCB0}.vs2017_Debug|Win32.Build.0 = vs2017_Debug|Win32
		{E00D8055-52FE-33D4-96EC-FBEB6CE9DCB0}.vs2017_Debug|x64.ActiveCfg = vs2017_Debug|x64
		{E00D8055-52FE-33D4-96EC-FBEB6CE9DCB0}.vs2017_Debug|x64.Build.0 = vs2017_Debug|x64
		{E00D8055-52FE-33D4-96EC-FBEB6CE9DCB0}.vs2017_Release|Win32.ActiveCfg = vs2017_Release|Win32
		{E00D8055-52FE-33D4-96EC-FBEB6CE9DCB0}.vs2017_Release|Win32.Build.0 = vs2017_Release|Win32
		{E00D8055-52FE-33D4-96EC-FBEB6CE9DCB0}.vs2017_Release|x64.ActiveCfg = vs2017_Release|x64
		{E00D8055-52FE-33D4-96EC-FBEB6CE9DCB0}.vs2017_Release|x64.Build.0 = vs2017_Release|x64
		{E00D8055-52FE-33D4-96EC-FBEB6CE9DCB0}.vs2019_Debug|Win32.ActiveCfg = vs2019_Debug|Win32
		{E00D8055-52FE-33D4-96EC-FBEB6CE9DCB0}.vs2019_Debug|Win32.Build.0 = vs2019_Debug|Win32
		{E00D8055-52FE-33D4-96EC-FBEB6CE9DCB0}.vs2019_Debug|x64.ActiveCfg = vs2019_Debug|x64
		{E00D8055-52FE-33D4-96EC-FBEB6CE9DCB0}.vs2019_Debug|x64.Build.0 = vs2019_Debug|x64
		{E00D8055-52FE-33D4-96EC-FBEB6CE9DCB0}.vs2019_Release|Win32.ActiveCfg = vs2019_Release|Win32
		{E00D8055-52FE-33D4-96EC-FBEB6CE9DCB0}.vs2019_Release|Win32.Build.0 = vs2019_Release|Win32
		{E00D8055-52FE-33D4-96EC-FBEB6CE9DCB0}.vs2019_Release|x64.ActiveCfg = vs2019_Release|x64
		{E00D8055-52FE-33D4-96EC-FBEB6CE9DCB0}.vs2019_Release|x64.Build.0 = vs2019_Release|x64
	EndGlobalSection
	GlobalSection(SolutionProperties) = preSolution
		HideSolutionNode = FALSE
	EndGlobalSection
	GlobalSection(NestedProjects) = preSolution
		{AA681545-59BA-3DFA-BCE5-A6CABD356D8E} = {D028BBFC-39CC-3A0C-8659-CFF569134DA6}
		{F0843EC0-A02F-3AE0-B59C-C1916EE6CBDB} = {D028BBFC-39CC-3A0C-8659-CFF569134DA6}
		{64C1B6F0-1BC2-3FF3-8666-40516599C635} = {AA681545-59BA-3DFA-BCE5-A6CABD356D8E}
		{9399DD9C-B163-3F2C-B4F8-CF7075D91425} = {F0843EC0-A02F-3AE0-B59C-C1916EE6CBDB}
		{94E8CF10-562B-3BCD-883A-BC0868598382} = {F0843EC0-A02F-3AE0-B59C-C1916EE6CBDB}
		{3F42E894-820C-34D4-A62A-AD727D0B1B65} = {F0843EC0-A02F-3AE0-B59C-C1916EE6CBDB}
		{AFAF401C-CD6A-3D16-ABE5-B4290AC5E519} = {F0843EC0-A02F-3AE0-B59C-C1916EE6CBDB}
		{40E471F5-81D4-3BF1-BA8F-EA54060D9B5A} = {F0843EC0-A02F-3AE0-B59C-C1916EE6CBDB}
		{2D847D38-B29D-3292-9276-73A77FE3A107} = {AA681545-59BA-3DFA-BCE5-A6CABD356D8E}
		{94258512-D4F9-3E3E-A747-0600269FD585} = {D028BBFC-39CC-3A0C-8659-CFF569134DA6}
		{15759682-7724-3D51-A318-1050BDA39959} = {F0843EC0-A02F-3AE0-B59C-C1916EE6CBDB}
		{D7DFC9E9-5549-364F-9C49-CA5BFFA060EC} = {AA681545-59BA-3DFA-BCE5-A6CABD356D8E}
		{3E766BCF-1867-38D9-8B07-64E06F1D08E7} = {F0843EC0-A02F-3AE0-B59C-C1916EE6CBDB}
		{9109E937-4843-351A-BF94-CB39E02D0496} = {F0843EC0-A02F-3AE0-B59C-C1916EE6CBDB}
		{782C7638-66BE-3D2A-8887-1A059CE4763B} = {F0843EC0-A02F-3AE0-B59C-C1916EE6CBDB}
		{482CB58C-8E04-3190-8D08-03D36AA8F0F7} = {F0843EC0-A02F-3AE0-B59C-C1916EE6CBDB}
		{B5AAAA1C-6A17-31AD-B224-0BA8DE13AE40} = {F0843EC0-A02F-3AE0-B59C-C1916EE6CBDB}
		{B09B10F9-1880-3630-BEC4-80B5E7C2F740} = {F0843EC0-A02F-3AE0-B59C-C1916EE6CBDB}
		{6ED5B8F3-AFC7-37A8-9F57-FCF828D8D89B} = {AA681545-59BA-3DFA-BCE5-A6CABD356D8E}
		{4DA2C0AB-D56D-32D7-93DB-79311417AD40} = {F0843EC0-A02F-3AE0-B59C-C1916EE6CBDB}
		{7765E4A0-3F77-33DC-9BFF-70634573A5C2} = {AA681545-59BA-3DFA-BCE5-A6CABD356D8E}
		{21696FC5-67DD-3F28-B894-159FD9C613CB} = {F0843EC0-A02F-3AE0-B59C-C1916EE6CBDB}
		{3115CD95-983D-3D96-83FA-6DB7FF0B3211} = {AA681545-59BA-3DFA-BCE5-A6CABD356D8E}
		{26CF04A1-BEE3-3FEB-B500-566509AEBB39} = {AA681545-59BA-3DFA-BCE5-A6CABD356D8E}
		{B0858102-84BD-309A-B5CB-A7B455B478CF} = {F0843EC0-A02F-3AE0-B59C-C1916EE6CBDB}
		{23D9D263-B406-363A-B2D7-16155582B466} = {F0843EC0-A02F-3AE0-B59C-C1916EE6CBDB}
		{705BE3D1-1BB2-3E2D-8EEF-FDEFEE85E9C1} = {F0843EC0-A02F-3AE0-B59C-C1916EE6CBDB}
		{39A41D6F-3F71-3A39-BDD9-327711A7BAAA} = {F0843EC0-A02F-3AE0-B59C-C1916EE6CBDB}
		{E21E77E5-474C-3E88-A0A8-20AA5510E86E} = {AA681545-59BA-3DFA-BCE5-A6CABD356D8E}
		{C7CD4113-53DA-33AA-B68C-7D34F93D9E4B} = {F0843EC0-A02F-3AE0-B59C-C1916EE6CBDB}
		{75C4625B-B21F-3D52-829E-B7F44A4795A7} = {AA681545-59BA-3DFA-BCE5-A6CABD356D8E}
		{E00D8055-52FE-33D4-96EC-FBEB6CE9DCB0} = {F0843EC0-A02F-3AE0-B59C-C1916EE6CBDB}
	EndGlobalSection
	GlobalSection(ExtensibilityGlobals) = postSolution
		SolutionGuid = {F432FCC1-E2E2-3D3A-BBCE-9DB03ABF6E35}
	EndGlobalSection
EndGlobal
